// !$*UTF8*$!
{
	archiveVersion = 1;
	classes = {
	};
	objectVersion = 56;
	objects = {

/* Begin PBXBuildFile section */
		193BCB612930BC4F00B97B14 /* FirebaseAuth in Frameworks */ = {isa = PBXBuildFile; productRef = 193BCB602930BC4F00B97B14 /* FirebaseAuth */; };
		193BCB632930BC4F00B97B14 /* FirebaseFirestore in Frameworks */ = {isa = PBXBuildFile; productRef = 193BCB622930BC4F00B97B14 /* FirebaseFirestore */; };
		193BCB692930C70E00B97B14 /* GenericInput.swift in Sources */ = {isa = PBXBuildFile; fileRef = 193BCB682930C70E00B97B14 /* GenericInput.swift */; };
		195F1A06292D099B002CF2DD /* AppDelegate.swift in Sources */ = {isa = PBXBuildFile; fileRef = 195F1A05292D099B002CF2DD /* AppDelegate.swift */; };
		195F1A08292D099B002CF2DD /* SceneDelegate.swift in Sources */ = {isa = PBXBuildFile; fileRef = 195F1A07292D099B002CF2DD /* SceneDelegate.swift */; };
		195F1A0A292D099B002CF2DD /* ViewController.swift in Sources */ = {isa = PBXBuildFile; fileRef = 195F1A09292D099B002CF2DD /* ViewController.swift */; };
		195F1A0D292D099B002CF2DD /* Main.storyboard in Resources */ = {isa = PBXBuildFile; fileRef = 195F1A0B292D099B002CF2DD /* Main.storyboard */; };
		195F1A10292D099B002CF2DD /* EventHub.xcdatamodeld in Sources */ = {isa = PBXBuildFile; fileRef = 195F1A0E292D099B002CF2DD /* EventHub.xcdatamodeld */; };
		195F1A12292D099C002CF2DD /* Assets.xcassets in Resources */ = {isa = PBXBuildFile; fileRef = 195F1A11292D099C002CF2DD /* Assets.xcassets */; };
		195F1A15292D099C002CF2DD /* LaunchScreen.storyboard in Resources */ = {isa = PBXBuildFile; fileRef = 195F1A13292D099C002CF2DD /* LaunchScreen.storyboard */; };
		195F1A1E292D0A31002CF2DD /* AppCoordinator.swift in Sources */ = {isa = PBXBuildFile; fileRef = 195F1A1D292D0A31002CF2DD /* AppCoordinator.swift */; };
		195F1A20292D0ADF002CF2DD /* SignInCoordinator.swift in Sources */ = {isa = PBXBuildFile; fileRef = 195F1A1F292D0ADF002CF2DD /* SignInCoordinator.swift */; };
		195F1A22292D0B18002CF2DD /* SignInView.swift in Sources */ = {isa = PBXBuildFile; fileRef = 195F1A21292D0B18002CF2DD /* SignInView.swift */; };
		195F1A24292D0B31002CF2DD /* SignInRepository.swift in Sources */ = {isa = PBXBuildFile; fileRef = 195F1A23292D0B31002CF2DD /* SignInRepository.swift */; };
		195F1A26292D0B49002CF2DD /* SignInNavigation.swift in Sources */ = {isa = PBXBuildFile; fileRef = 195F1A25292D0B49002CF2DD /* SignInNavigation.swift */; };
		195F1A28292D0B69002CF2DD /* SignInViewModel.swift in Sources */ = {isa = PBXBuildFile; fileRef = 195F1A27292D0B69002CF2DD /* SignInViewModel.swift */; };
		195F1A2E292D0F3F002CF2DD /* CustomPurpleButton.swift in Sources */ = {isa = PBXBuildFile; fileRef = 195F1A2D292D0F3F002CF2DD /* CustomPurpleButton.swift */; };
		195F1A3E292E5386002CF2DD /* SignUpCoordinator.swift in Sources */ = {isa = PBXBuildFile; fileRef = 195F1A3D292E5386002CF2DD /* SignUpCoordinator.swift */; };
		195F1A40292E53C4002CF2DD /* SignUpView.swift in Sources */ = {isa = PBXBuildFile; fileRef = 195F1A3F292E53C4002CF2DD /* SignUpView.swift */; };
		195F1A42292E53FF002CF2DD /* SignUpRepository.swift in Sources */ = {isa = PBXBuildFile; fileRef = 195F1A41292E53FF002CF2DD /* SignUpRepository.swift */; };
		195F1A44292E5427002CF2DD /* SignUpNavigation.swift in Sources */ = {isa = PBXBuildFile; fileRef = 195F1A43292E5427002CF2DD /* SignUpNavigation.swift */; };
		195F1A46292E544A002CF2DD /* SignUpViewModel.swift in Sources */ = {isa = PBXBuildFile; fileRef = 195F1A45292E544A002CF2DD /* SignUpViewModel.swift */; };
		198D76F1293240AD0027100B /* GoogleService-Info.plist in Resources */ = {isa = PBXBuildFile; fileRef = 198D76F0293240AD0027100B /* GoogleService-Info.plist */; };
		198D76F629324FE90027100B /* homePageTopView.swift in Sources */ = {isa = PBXBuildFile; fileRef = 198D76F529324FE90027100B /* homePageTopView.swift */; };
		198D76F82934ECE10027100B /* SearchSettingsComponent.swift in Sources */ = {isa = PBXBuildFile; fileRef = 198D76F72934ECE10027100B /* SearchSettingsComponent.swift */; };
/* End PBXBuildFile section */

/* Begin PBXFileReference section */
		193BCB682930C70E00B97B14 /* GenericInput.swift */ = {isa = PBXFileReference; lastKnownFileType = sourcecode.swift; path = GenericInput.swift; sourceTree = "<group>"; };
		195F1A02292D099B002CF2DD /* EventHub.app */ = {isa = PBXFileReference; explicitFileType = wrapper.application; includeInIndex = 0; path = EventHub.app; sourceTree = BUILT_PRODUCTS_DIR; };
		195F1A05292D099B002CF2DD /* AppDelegate.swift */ = {isa = PBXFileReference; lastKnownFileType = sourcecode.swift; path = AppDelegate.swift; sourceTree = "<group>"; };
		195F1A07292D099B002CF2DD /* SceneDelegate.swift */ = {isa = PBXFileReference; lastKnownFileType = sourcecode.swift; path = SceneDelegate.swift; sourceTree = "<group>"; };
		195F1A09292D099B002CF2DD /* ViewController.swift */ = {isa = PBXFileReference; lastKnownFileType = sourcecode.swift; path = ViewController.swift; sourceTree = "<group>"; };
		195F1A0C292D099B002CF2DD /* Base */ = {isa = PBXFileReference; lastKnownFileType = file.storyboard; name = Base; path = Base.lproj/Main.storyboard; sourceTree = "<group>"; };
		195F1A0F292D099B002CF2DD /* EventHub.xcdatamodel */ = {isa = PBXFileReference; lastKnownFileType = wrapper.xcdatamodel; path = EventHub.xcdatamodel; sourceTree = "<group>"; };
		195F1A11292D099C002CF2DD /* Assets.xcassets */ = {isa = PBXFileReference; lastKnownFileType = folder.assetcatalog; path = Assets.xcassets; sourceTree = "<group>"; };
		195F1A14292D099C002CF2DD /* Base */ = {isa = PBXFileReference; lastKnownFileType = file.storyboard; name = Base; path = Base.lproj/LaunchScreen.storyboard; sourceTree = "<group>"; };
		195F1A16292D099C002CF2DD /* Info.plist */ = {isa = PBXFileReference; lastKnownFileType = text.plist.xml; path = Info.plist; sourceTree = "<group>"; };
		195F1A1D292D0A31002CF2DD /* AppCoordinator.swift */ = {isa = PBXFileReference; lastKnownFileType = sourcecode.swift; path = AppCoordinator.swift; sourceTree = "<group>"; };
		195F1A1F292D0ADF002CF2DD /* SignInCoordinator.swift */ = {isa = PBXFileReference; lastKnownFileType = sourcecode.swift; path = SignInCoordinator.swift; sourceTree = "<group>"; };
		195F1A21292D0B18002CF2DD /* SignInView.swift */ = {isa = PBXFileReference; lastKnownFileType = sourcecode.swift; path = SignInView.swift; sourceTree = "<group>"; };
		195F1A23292D0B31002CF2DD /* SignInRepository.swift */ = {isa = PBXFileReference; lastKnownFileType = sourcecode.swift; path = SignInRepository.swift; sourceTree = "<group>"; };
		195F1A25292D0B49002CF2DD /* SignInNavigation.swift */ = {isa = PBXFileReference; lastKnownFileType = sourcecode.swift; path = SignInNavigation.swift; sourceTree = "<group>"; };
		195F1A27292D0B69002CF2DD /* SignInViewModel.swift */ = {isa = PBXFileReference; lastKnownFileType = sourcecode.swift; path = SignInViewModel.swift; sourceTree = "<group>"; };
		195F1A2D292D0F3F002CF2DD /* CustomPurpleButton.swift */ = {isa = PBXFileReference; lastKnownFileType = sourcecode.swift; path = CustomPurpleButton.swift; sourceTree = "<group>"; };
		195F1A3D292E5386002CF2DD /* SignUpCoordinator.swift */ = {isa = PBXFileReference; lastKnownFileType = sourcecode.swift; path = SignUpCoordinator.swift; sourceTree = "<group>"; };
		195F1A3F292E53C4002CF2DD /* SignUpView.swift */ = {isa = PBXFileReference; lastKnownFileType = sourcecode.swift; path = SignUpView.swift; sourceTree = "<group>"; };
		195F1A41292E53FF002CF2DD /* SignUpRepository.swift */ = {isa = PBXFileReference; lastKnownFileType = sourcecode.swift; path = SignUpRepository.swift; sourceTree = "<group>"; };
		195F1A43292E5427002CF2DD /* SignUpNavigation.swift */ = {isa = PBXFileReference; lastKnownFileType = sourcecode.swift; path = SignUpNavigation.swift; sourceTree = "<group>"; };
		195F1A45292E544A002CF2DD /* SignUpViewModel.swift */ = {isa = PBXFileReference; lastKnownFileType = sourcecode.swift; path = SignUpViewModel.swift; sourceTree = "<group>"; };
		198D76F0293240AD0027100B /* GoogleService-Info.plist */ = {isa = PBXFileReference; fileEncoding = 4; lastKnownFileType = text.plist.xml; name = "GoogleService-Info.plist"; path = "../../GoogleService-Info.plist"; sourceTree = "<group>"; };
		198D76F529324FE90027100B /* homePageTopView.swift */ = {isa = PBXFileReference; lastKnownFileType = sourcecode.swift; path = homePageTopView.swift; sourceTree = "<group>"; };
		198D76F72934ECE10027100B /* SearchSettingsComponent.swift */ = {isa = PBXFileReference; lastKnownFileType = sourcecode.swift; path = SearchSettingsComponent.swift; sourceTree = "<group>"; };
/* End PBXFileReference section */

/* Begin PBXFrameworksBuildPhase section */
		195F19FF292D099B002CF2DD /* Frameworks */ = {
			isa = PBXFrameworksBuildPhase;
			buildActionMask = 2147483647;
			files = (
				193BCB612930BC4F00B97B14 /* FirebaseAuth in Frameworks */,
				193BCB632930BC4F00B97B14 /* FirebaseFirestore in Frameworks */,
			);
			runOnlyForDeploymentPostprocessing = 0;
		};
/* End PBXFrameworksBuildPhase section */

/* Begin PBXGroup section */
		195F19F9292D099B002CF2DD = {
			isa = PBXGroup;
			children = (
				195F1A04292D099B002CF2DD /* EventHub */,
				195F1A03292D099B002CF2DD /* Products */,
			);
			sourceTree = "<group>";
		};
		195F1A03292D099B002CF2DD /* Products */ = {
			isa = PBXGroup;
			children = (
				195F1A02292D099B002CF2DD /* EventHub.app */,
			);
			name = Products;
			sourceTree = "<group>";
		};
		195F1A04292D099B002CF2DD /* EventHub */ = {
			isa = PBXGroup;
			children = (
				195F1A29292D0E43002CF2DD /* Assets */,
				195F1A05292D099B002CF2DD /* AppDelegate.swift */,
				195F1A07292D099B002CF2DD /* SceneDelegate.swift */,
				195F1A1D292D0A31002CF2DD /* AppCoordinator.swift */,
				198D76F92934FD1C0027100B /* Home */,
				195F1A3C292E5339002CF2DD /* SignUp */,
				195F1A1C292D0A02002CF2DD /* SignIn */,
				195F1A0B292D099B002CF2DD /* Main.storyboard */,
				195F1A09292D099B002CF2DD /* ViewController.swift */,
				195F1A11292D099C002CF2DD /* Assets.xcassets */,
				195F1A13292D099C002CF2DD /* LaunchScreen.storyboard */,
				195F1A16292D099C002CF2DD /* Info.plist */,
				195F1A0E292D099B002CF2DD /* EventHub.xcdatamodeld */,
				198D76F0293240AD0027100B /* GoogleService-Info.plist */,
			);
			path = EventHub;
			sourceTree = "<group>";
		};
		195F1A1C292D0A02002CF2DD /* SignIn */ = {
			isa = PBXGroup;
			children = (
				195F1A1F292D0ADF002CF2DD /* SignInCoordinator.swift */,
				195F1A21292D0B18002CF2DD /* SignInView.swift */,
				195F1A23292D0B31002CF2DD /* SignInRepository.swift */,
				195F1A25292D0B49002CF2DD /* SignInNavigation.swift */,
				195F1A27292D0B69002CF2DD /* SignInViewModel.swift */,
			);
			path = SignIn;
			sourceTree = "<group>";
		};
		195F1A29292D0E43002CF2DD /* Assets */ = {
			isa = PBXGroup;
			children = (
				195F1A2A292D0E56002CF2DD /* Components */,
			);
			path = Assets;
			sourceTree = "<group>";
		};
		195F1A2A292D0E56002CF2DD /* Components */ = {
			isa = PBXGroup;
			children = (
				195F1A2B292D0E5F002CF2DD /* Buttons */,
				195F1A2C292D0E68002CF2DD /* Inputs */,
			);
			path = Components;
			sourceTree = "<group>";
		};
		195F1A2B292D0E5F002CF2DD /* Buttons */ = {
			isa = PBXGroup;
			children = (
				195F1A2D292D0F3F002CF2DD /* CustomPurpleButton.swift */,
			);
			path = Buttons;
			sourceTree = "<group>";
		};
		195F1A2C292D0E68002CF2DD /* Inputs */ = {
			isa = PBXGroup;
			children = (
				193BCB682930C70E00B97B14 /* GenericInput.swift */,
				198D76F529324FE90027100B /* homePageTopView.swift */,
				198D76F72934ECE10027100B /* SearchSettingsComponent.swift */,
			);
			path = Inputs;
			sourceTree = "<group>";
		};
		195F1A3C292E5339002CF2DD /* SignUp */ = {
			isa = PBXGroup;
			children = (
				195F1A3D292E5386002CF2DD /* SignUpCoordinator.swift */,
				195F1A3F292E53C4002CF2DD /* SignUpView.swift */,
				195F1A41292E53FF002CF2DD /* SignUpRepository.swift */,
				195F1A43292E5427002CF2DD /* SignUpNavigation.swift */,
				195F1A45292E544A002CF2DD /* SignUpViewModel.swift */,
			);
			path = SignUp;
			sourceTree = "<group>";
		};
		198D76F92934FD1C0027100B /* Home */ = {
			isa = PBXGroup;
			children = (
			);
			path = Home;
			sourceTree = "<group>";
		};
/* End PBXGroup section */

/* Begin PBXNativeTarget section */
		195F1A01292D099B002CF2DD /* EventHub */ = {
			isa = PBXNativeTarget;
			buildConfigurationList = 195F1A19292D099C002CF2DD /* Build configuration list for PBXNativeTarget "EventHub" */;
			buildPhases = (
				195F19FE292D099B002CF2DD /* Sources */,
				195F19FF292D099B002CF2DD /* Frameworks */,
				195F1A00292D099B002CF2DD /* Resources */,
			);
			buildRules = (
			);
			dependencies = (
			);
			name = EventHub;
			packageProductDependencies = (
				193BCB602930BC4F00B97B14 /* FirebaseAuth */,
				193BCB622930BC4F00B97B14 /* FirebaseFirestore */,
			);
			productName = EventHub;
			productReference = 195F1A02292D099B002CF2DD /* EventHub.app */;
			productType = "com.apple.product-type.application";
		};
/* End PBXNativeTarget section */

/* Begin PBXProject section */
		195F19FA292D099B002CF2DD /* Project object */ = {
			isa = PBXProject;
			attributes = {
				BuildIndependentTargetsInParallel = 1;
				LastSwiftUpdateCheck = 1410;
				LastUpgradeCheck = 1410;
				TargetAttributes = {
					195F1A01292D099B002CF2DD = {
						CreatedOnToolsVersion = 14.1;
					};
				};
			};
			buildConfigurationList = 195F19FD292D099B002CF2DD /* Build configuration list for PBXProject "EventHub" */;
			compatibilityVersion = "Xcode 14.0";
			developmentRegion = en;
			hasScannedForEncodings = 0;
			knownRegions = (
				en,
				Base,
			);
			mainGroup = 195F19F9292D099B002CF2DD;
			packageReferences = (
				193BCB5F2930BC4F00B97B14 /* XCRemoteSwiftPackageReference "firebase-ios-sdk" */,
			);
			productRefGroup = 195F1A03292D099B002CF2DD /* Products */;
			projectDirPath = "";
			projectRoot = "";
			targets = (
				195F1A01292D099B002CF2DD /* EventHub */,
			);
		};
/* End PBXProject section */

/* Begin PBXResourcesBuildPhase section */
		195F1A00292D099B002CF2DD /* Resources */ = {
			isa = PBXResourcesBuildPhase;
			buildActionMask = 2147483647;
			files = (
				195F1A15292D099C002CF2DD /* LaunchScreen.storyboard in Resources */,
				198D76F1293240AD0027100B /* GoogleService-Info.plist in Resources */,
				195F1A12292D099C002CF2DD /* Assets.xcassets in Resources */,
				195F1A0D292D099B002CF2DD /* Main.storyboard in Resources */,
			);
			runOnlyForDeploymentPostprocessing = 0;
		};
/* End PBXResourcesBuildPhase section */

/* Begin PBXSourcesBuildPhase section */
		195F19FE292D099B002CF2DD /* Sources */ = {
			isa = PBXSourcesBuildPhase;
			buildActionMask = 2147483647;
			files = (
				195F1A0A292D099B002CF2DD /* ViewController.swift in Sources */,
				195F1A42292E53FF002CF2DD /* SignUpRepository.swift in Sources */,
				193BCB692930C70E00B97B14 /* GenericInput.swift in Sources */,
				195F1A46292E544A002CF2DD /* SignUpViewModel.swift in Sources */,
				195F1A24292D0B31002CF2DD /* SignInRepository.swift in Sources */,
				195F1A26292D0B49002CF2DD /* SignInNavigation.swift in Sources */,
				198D76F82934ECE10027100B /* SearchSettingsComponent.swift in Sources */,
				198D76F629324FE90027100B /* homePageTopView.swift in Sources */,
				195F1A22292D0B18002CF2DD /* SignInView.swift in Sources */,
				195F1A44292E5427002CF2DD /* SignUpNavigation.swift in Sources */,
				195F1A28292D0B69002CF2DD /* SignInViewModel.swift in Sources */,
				195F1A2E292D0F3F002CF2DD /* CustomPurpleButton.swift in Sources */,
				195F1A06292D099B002CF2DD /* AppDelegate.swift in Sources */,
				195F1A1E292D0A31002CF2DD /* AppCoordinator.swift in Sources */,
				195F1A10292D099B002CF2DD /* EventHub.xcdatamodeld in Sources */,
				195F1A20292D0ADF002CF2DD /* SignInCoordinator.swift in Sources */,
				195F1A40292E53C4002CF2DD /* SignUpView.swift in Sources */,
				195F1A3E292E5386002CF2DD /* SignUpCoordinator.swift in Sources */,
				195F1A08292D099B002CF2DD /* SceneDelegate.swift in Sources */,
			);
			runOnlyForDeploymentPostprocessing = 0;
		};
/* End PBXSourcesBuildPhase section */

/* Begin PBXVariantGroup section */
		195F1A0B292D099B002CF2DD /* Main.storyboard */ = {
			isa = PBXVariantGroup;
			children = (
				195F1A0C292D099B002CF2DD /* Base */,
			);
			name = Main.storyboard;
			sourceTree = "<group>";
		};
		195F1A13292D099C002CF2DD /* LaunchScreen.storyboard */ = {
			isa = PBXVariantGroup;
			children = (
				195F1A14292D099C002CF2DD /* Base */,
			);
			name = LaunchScreen.storyboard;
			sourceTree = "<group>";
		};
/* End PBXVariantGroup section */

/* Begin XCBuildConfiguration section */
		195F1A17292D099C002CF2DD /* Debug */ = {
			isa = XCBuildConfiguration;
			buildSettings = {
				ALWAYS_SEARCH_USER_PATHS = NO;
				CLANG_ANALYZER_NONNULL = YES;
				CLANG_ANALYZER_NUMBER_OBJECT_CONVERSION = YES_AGGRESSIVE;
				CLANG_CXX_LANGUAGE_STANDARD = "gnu++20";
				CLANG_ENABLE_MODULES = YES;
				CLANG_ENABLE_OBJC_ARC = YES;
				CLANG_ENABLE_OBJC_WEAK = YES;
				CLANG_WARN_BLOCK_CAPTURE_AUTORELEASING = YES;
				CLANG_WARN_BOOL_CONVERSION = YES;
				CLANG_WARN_COMMA = YES;
				CLANG_WARN_CONSTANT_CONVERSION = YES;
				CLANG_WARN_DEPRECATED_OBJC_IMPLEMENTATIONS = YES;
				CLANG_WARN_DIRECT_OBJC_ISA_USAGE = YES_ERROR;
				CLANG_WARN_DOCUMENTATION_COMMENTS = YES;
				CLANG_WARN_EMPTY_BODY = YES;
				CLANG_WARN_ENUM_CONVERSION = YES;
				CLANG_WARN_INFINITE_RECURSION = YES;
				CLANG_WARN_INT_CONVERSION = YES;
				CLANG_WARN_NON_LITERAL_NULL_CONVERSION = YES;
				CLANG_WARN_OBJC_IMPLICIT_RETAIN_SELF = YES;
				CLANG_WARN_OBJC_LITERAL_CONVERSION = YES;
				CLANG_WARN_OBJC_ROOT_CLASS = YES_ERROR;
				CLANG_WARN_QUOTED_INCLUDE_IN_FRAMEWORK_HEADER = YES;
				CLANG_WARN_RANGE_LOOP_ANALYSIS = YES;
				CLANG_WARN_STRICT_PROTOTYPES = YES;
				CLANG_WARN_SUSPICIOUS_MOVE = YES;
				CLANG_WARN_UNGUARDED_AVAILABILITY = YES_AGGRESSIVE;
				CLANG_WARN_UNREACHABLE_CODE = YES;
				CLANG_WARN__DUPLICATE_METHOD_MATCH = YES;
				COPY_PHASE_STRIP = NO;
				DEBUG_INFORMATION_FORMAT = dwarf;
				ENABLE_STRICT_OBJC_MSGSEND = YES;
				ENABLE_TESTABILITY = YES;
				GCC_C_LANGUAGE_STANDARD = gnu11;
				GCC_DYNAMIC_NO_PIC = NO;
				GCC_NO_COMMON_BLOCKS = YES;
				GCC_OPTIMIZATION_LEVEL = 0;
				GCC_PREPROCESSOR_DEFINITIONS = (
					"DEBUG=1",
					"$(inherited)",
				);
				GCC_WARN_64_TO_32_BIT_CONVERSION = YES;
				GCC_WARN_ABOUT_RETURN_TYPE = YES_ERROR;
				GCC_WARN_UNDECLARED_SELECTOR = YES;
				GCC_WARN_UNINITIALIZED_AUTOS = YES_AGGRESSIVE;
				GCC_WARN_UNUSED_FUNCTION = YES;
				GCC_WARN_UNUSED_VARIABLE = YES;
				IPHONEOS_DEPLOYMENT_TARGET = 16.1;
				MTL_ENABLE_DEBUG_INFO = INCLUDE_SOURCE;
				MTL_FAST_MATH = YES;
				ONLY_ACTIVE_ARCH = YES;
				SDKROOT = iphoneos;
				SWIFT_ACTIVE_COMPILATION_CONDITIONS = DEBUG;
				SWIFT_OPTIMIZATION_LEVEL = "-Onone";
			};
			name = Debug;
		};
		195F1A18292D099C002CF2DD /* Release */ = {
			isa = XCBuildConfiguration;
			buildSettings = {
				ALWAYS_SEARCH_USER_PATHS = NO;
				CLANG_ANALYZER_NONNULL = YES;
				CLANG_ANALYZER_NUMBER_OBJECT_CONVERSION = YES_AGGRESSIVE;
				CLANG_CXX_LANGUAGE_STANDARD = "gnu++20";
				CLANG_ENABLE_MODULES = YES;
				CLANG_ENABLE_OBJC_ARC = YES;
				CLANG_ENABLE_OBJC_WEAK = YES;
				CLANG_WARN_BLOCK_CAPTURE_AUTORELEASING = YES;
				CLANG_WARN_BOOL_CONVERSION = YES;
				CLANG_WARN_COMMA = YES;
				CLANG_WARN_CONSTANT_CONVERSION = YES;
				CLANG_WARN_DEPRECATED_OBJC_IMPLEMENTATIONS = YES;
				CLANG_WARN_DIRECT_OBJC_ISA_USAGE = YES_ERROR;
				CLANG_WARN_DOCUMENTATION_COMMENTS = YES;
				CLANG_WARN_EMPTY_BODY = YES;
				CLANG_WARN_ENUM_CONVERSION = YES;
				CLANG_WARN_INFINITE_RECURSION = YES;
				CLANG_WARN_INT_CONVERSION = YES;
				CLANG_WARN_NON_LITERAL_NULL_CONVERSION = YES;
				CLANG_WARN_OBJC_IMPLICIT_RETAIN_SELF = YES;
				CLANG_WARN_OBJC_LITERAL_CONVERSION = YES;
				CLANG_WARN_OBJC_ROOT_CLASS = YES_ERROR;
				CLANG_WARN_QUOTED_INCLUDE_IN_FRAMEWORK_HEADER = YES;
				CLANG_WARN_RANGE_LOOP_ANALYSIS = YES;
				CLANG_WARN_STRICT_PROTOTYPES = YES;
				CLANG_WARN_SUSPICIOUS_MOVE = YES;
				CLANG_WARN_UNGUARDED_AVAILABILITY = YES_AGGRESSIVE;
				CLANG_WARN_UNREACHABLE_CODE = YES;
				CLANG_WARN__DUPLICATE_METHOD_MATCH = YES;
				COPY_PHASE_STRIP = NO;
				DEBUG_INFORMATION_FORMAT = "dwarf-with-dsym";
				ENABLE_NS_ASSERTIONS = NO;
				ENABLE_STRICT_OBJC_MSGSEND = YES;
				GCC_C_LANGUAGE_STANDARD = gnu11;
				GCC_NO_COMMON_BLOCKS = YES;
				GCC_WARN_64_TO_32_BIT_CONVERSION = YES;
				GCC_WARN_ABOUT_RETURN_TYPE = YES_ERROR;
				GCC_WARN_UNDECLARED_SELECTOR = YES;
				GCC_WARN_UNINITIALIZED_AUTOS = YES_AGGRESSIVE;
				GCC_WARN_UNUSED_FUNCTION = YES;
				GCC_WARN_UNUSED_VARIABLE = YES;
				IPHONEOS_DEPLOYMENT_TARGET = 16.1;
				MTL_ENABLE_DEBUG_INFO = NO;
				MTL_FAST_MATH = YES;
				SDKROOT = iphoneos;
				SWIFT_COMPILATION_MODE = wholemodule;
				SWIFT_OPTIMIZATION_LEVEL = "-O";
				VALIDATE_PRODUCT = YES;
			};
			name = Release;
		};
		195F1A1A292D099C002CF2DD /* Debug */ = {
			isa = XCBuildConfiguration;
			buildSettings = {
				ASSETCATALOG_COMPILER_APPICON_NAME = AppIcon;
				ASSETCATALOG_COMPILER_GLOBAL_ACCENT_COLOR_NAME = AccentColor;
				CODE_SIGN_STYLE = Automatic;
				CURRENT_PROJECT_VERSION = 1;
				GENERATE_INFOPLIST_FILE = YES;
				INFOPLIST_FILE = EventHub/Info.plist;
				INFOPLIST_KEY_UIApplicationSupportsIndirectInputEvents = YES;
				INFOPLIST_KEY_UILaunchStoryboardName = LaunchScreen;
				INFOPLIST_KEY_UIMainStoryboardFile = Main;
				INFOPLIST_KEY_UISupportedInterfaceOrientations_iPad = "UIInterfaceOrientationPortrait UIInterfaceOrientationPortraitUpsideDown UIInterfaceOrientationLandscapeLeft UIInterfaceOrientationLandscapeRight";
				INFOPLIST_KEY_UISupportedInterfaceOrientations_iPhone = "UIInterfaceOrientationPortrait UIInterfaceOrientationLandscapeLeft UIInterfaceOrientationLandscapeRight";
				LD_RUNPATH_SEARCH_PATHS = (
					"$(inherited)",
					"@executable_path/Frameworks",
				);
				MARKETING_VERSION = 1.0;
				PRODUCT_BUNDLE_IDENTIFIER = com.claudia.vanta.EventHub;
				PRODUCT_NAME = "$(TARGET_NAME)";
				SWIFT_EMIT_LOC_STRINGS = YES;
				SWIFT_VERSION = 5.0;
				TARGETED_DEVICE_FAMILY = "1,2";
			};
			name = Debug;
		};
		195F1A1B292D099C002CF2DD /* Release */ = {
			isa = XCBuildConfiguration;
			buildSettings = {
				ASSETCATALOG_COMPILER_APPICON_NAME = AppIcon;
				ASSETCATALOG_COMPILER_GLOBAL_ACCENT_COLOR_NAME = AccentColor;
				CODE_SIGN_STYLE = Automatic;
				CURRENT_PROJECT_VERSION = 1;
				GENERATE_INFOPLIST_FILE = YES;
				INFOPLIST_FILE = EventHub/Info.plist;
				INFOPLIST_KEY_UIApplicationSupportsIndirectInputEvents = YES;
				INFOPLIST_KEY_UILaunchStoryboardName = LaunchScreen;
				INFOPLIST_KEY_UIMainStoryboardFile = Main;
				INFOPLIST_KEY_UISupportedInterfaceOrientations_iPad = "UIInterfaceOrientationPortrait UIInterfaceOrientationPortraitUpsideDown UIInterfaceOrientationLandscapeLeft UIInterfaceOrientationLandscapeRight";
				INFOPLIST_KEY_UISupportedInterfaceOrientations_iPhone = "UIInterfaceOrientationPortrait UIInterfaceOrientationLandscapeLeft UIInterfaceOrientationLandscapeRight";
				LD_RUNPATH_SEARCH_PATHS = (
					"$(inherited)",
					"@executable_path/Frameworks",
				);
				MARKETING_VERSION = 1.0;
				PRODUCT_BUNDLE_IDENTIFIER = com.claudia.vanta.EventHub;
				PRODUCT_NAME = "$(TARGET_NAME)";
				SWIFT_EMIT_LOC_STRINGS = YES;
				SWIFT_VERSION = 5.0;
				TARGETED_DEVICE_FAMILY = "1,2";
			};
			name = Release;
		};
/* End XCBuildConfiguration section */

/* Begin XCConfigurationList section */
		195F19FD292D099B002CF2DD /* Build configuration list for PBXProject "EventHub" */ = {
			isa = XCConfigurationList;
			buildConfigurations = (
				195F1A17292D099C002CF2DD /* Debug */,
				195F1A18292D099C002CF2DD /* Release */,
			);
			defaultConfigurationIsVisible = 0;
			defaultConfigurationName = Release;
		};
		195F1A19292D099C002CF2DD /* Build configuration list for PBXNativeTarget "EventHub" */ = {
			isa = XCConfigurationList;
			buildConfigurations = (
				195F1A1A292D099C002CF2DD /* Debug */,
				195F1A1B292D099C002CF2DD /* Release */,
			);
			defaultConfigurationIsVisible = 0;
			defaultConfigurationName = Release;
		};
/* End XCConfigurationList section */

/* Begin XCRemoteSwiftPackageReference section */
		193BCB5F2930BC4F00B97B14 /* XCRemoteSwiftPackageReference "firebase-ios-sdk" */ = {
			isa = XCRemoteSwiftPackageReference;
			repositoryURL = "https://github.com/firebase/firebase-ios-sdk.git";
			requirement = {
				kind = upToNextMajorVersion;
				minimumVersion = 9.0.0;
			};
		};
/* End XCRemoteSwiftPackageReference section */

/* Begin XCSwiftPackageProductDependency section */
		193BCB602930BC4F00B97B14 /* FirebaseAuth */ = {
			isa = XCSwiftPackageProductDependency;
			package = 193BCB5F2930BC4F00B97B14 /* XCRemoteSwiftPackageReference "firebase-ios-sdk" */;
			productName = FirebaseAuth;
		};
		193BCB622930BC4F00B97B14 /* FirebaseFirestore */ = {
			isa = XCSwiftPackageProductDependency;
			package = 193BCB5F2930BC4F00B97B14 /* XCRemoteSwiftPackageReference "firebase-ios-sdk" */;
			productName = FirebaseFirestore;
		};
/* End XCSwiftPackageProductDependency section */

/* Begin XCVersionGroup section */
		195F1A0E292D099B002CF2DD /* EventHub.xcdatamodeld */ = {
			isa = XCVersionGroup;
			children = (
				195F1A0F292D099B002CF2DD /* EventHub.xcdatamodel */,
			);
			currentVersion = 195F1A0F292D099B002CF2DD /* EventHub.xcdatamodel */;
			path = EventHub.xcdatamodeld;
			sourceTree = "<group>";
			versionGroupType = wrapper.xcdatamodel;
		};
/* End XCVersionGroup section */
	};
	rootObject = 195F19FA292D099B002CF2DD /* Project object */;
}
