// !$*UTF8*$!
{
	archiveVersion = 1;
	classes = {
	};
	objectVersion = 56;
	objects = {

/* Begin PBXBuildFile section */
		190C47E429421AEE00D78475 /* EventDetailsCoordinator.swift in Sources */ = {isa = PBXBuildFile; fileRef = 190C47E329421AEE00D78475 /* EventDetailsCoordinator.swift */; };
		190C47E629421AFD00D78475 /* EventDetailsView.swift in Sources */ = {isa = PBXBuildFile; fileRef = 190C47E529421AFD00D78475 /* EventDetailsView.swift */; };
		190C47E829421B0C00D78475 /* EventDetailsRepository.swift in Sources */ = {isa = PBXBuildFile; fileRef = 190C47E729421B0C00D78475 /* EventDetailsRepository.swift */; };
		190C47EA29421B1B00D78475 /* EventDetailsNavigation.swift in Sources */ = {isa = PBXBuildFile; fileRef = 190C47E929421B1B00D78475 /* EventDetailsNavigation.swift */; };
		190C47EC29421B3700D78475 /* EventDetailsViewModel.swift in Sources */ = {isa = PBXBuildFile; fileRef = 190C47EB29421B3700D78475 /* EventDetailsViewModel.swift */; };
		190C47EF2942241800D78475 /* ParticipatePurpleButton.swift in Sources */ = {isa = PBXBuildFile; fileRef = 190C47EE2942241800D78475 /* ParticipatePurpleButton.swift */; };
		190C47F1294300C800D78475 /* ParticipateChooseButton.swift in Sources */ = {isa = PBXBuildFile; fileRef = 190C47F0294300C800D78475 /* ParticipateChooseButton.swift */; };
		190C47F3294302C500D78475 /* DetailsOfEvent.swift in Sources */ = {isa = PBXBuildFile; fileRef = 190C47F2294302C500D78475 /* DetailsOfEvent.swift */; };
		190C47F62943037700D78475 /* DetailButtons.swift in Sources */ = {isa = PBXBuildFile; fileRef = 190C47F52943037700D78475 /* DetailButtons.swift */; };
		190C47F82943287500D78475 /* OrganiserDetailsEvent.swift in Sources */ = {isa = PBXBuildFile; fileRef = 190C47F72943287500D78475 /* OrganiserDetailsEvent.swift */; };
		190C47FA2943322100D78475 /* MoreSimilarEvents.swift in Sources */ = {isa = PBXBuildFile; fileRef = 190C47F92943322100D78475 /* MoreSimilarEvents.swift */; };
		190C47FD294339D300D78475 /* HeadEventDetails.swift in Sources */ = {isa = PBXBuildFile; fileRef = 190C47FC294339D300D78475 /* HeadEventDetails.swift */; };
		190C48002943642B00D78475 /* ProfileCoordinator.swift in Sources */ = {isa = PBXBuildFile; fileRef = 190C47FF2943642B00D78475 /* ProfileCoordinator.swift */; };
		190C48022943648700D78475 /* ProfileView.swift in Sources */ = {isa = PBXBuildFile; fileRef = 190C48012943648700D78475 /* ProfileView.swift */; };
		190C48042943649E00D78475 /* ProfileRepository.swift in Sources */ = {isa = PBXBuildFile; fileRef = 190C48032943649E00D78475 /* ProfileRepository.swift */; };
		190C4806294364A900D78475 /* ProfileNavigation.swift in Sources */ = {isa = PBXBuildFile; fileRef = 190C4805294364A900D78475 /* ProfileNavigation.swift */; };
		190C4808294364CE00D78475 /* ProfileViewModel.swift in Sources */ = {isa = PBXBuildFile; fileRef = 190C4807294364CE00D78475 /* ProfileViewModel.swift */; };
		190C480B294369B200D78475 /* HeadProfile.swift in Sources */ = {isa = PBXBuildFile; fileRef = 190C480A294369B200D78475 /* HeadProfile.swift */; };
		190C480E2947403200D78475 /* Event.swift in Sources */ = {isa = PBXBuildFile; fileRef = 190C480D2947403200D78475 /* Event.swift */; };
		190C481129475A6A00D78475 /* FirebaseAnalytics in Frameworks */ = {isa = PBXBuildFile; productRef = 190C481029475A6A00D78475 /* FirebaseAnalytics */; };
		190C481329475A6A00D78475 /* FirebaseAnalyticsOnDeviceConversion in Frameworks */ = {isa = PBXBuildFile; productRef = 190C481229475A6A00D78475 /* FirebaseAnalyticsOnDeviceConversion */; };
		190C481529475A6A00D78475 /* FirebaseAnalyticsSwift in Frameworks */ = {isa = PBXBuildFile; productRef = 190C481429475A6A00D78475 /* FirebaseAnalyticsSwift */; };
		190C481729475A6A00D78475 /* FirebaseAnalyticsWithoutAdIdSupport in Frameworks */ = {isa = PBXBuildFile; productRef = 190C481629475A6A00D78475 /* FirebaseAnalyticsWithoutAdIdSupport */; };
		190C481929475A6A00D78475 /* FirebaseAppCheck in Frameworks */ = {isa = PBXBuildFile; productRef = 190C481829475A6A00D78475 /* FirebaseAppCheck */; };
		190C481B29475A6A00D78475 /* FirebaseAppDistribution-Beta in Frameworks */ = {isa = PBXBuildFile; productRef = 190C481A29475A6A00D78475 /* FirebaseAppDistribution-Beta */; };
		190C481D29475A6A00D78475 /* FirebaseAuth in Frameworks */ = {isa = PBXBuildFile; productRef = 190C481C29475A6A00D78475 /* FirebaseAuth */; };
		190C481F29475A6A00D78475 /* FirebaseAuthCombine-Community in Frameworks */ = {isa = PBXBuildFile; productRef = 190C481E29475A6A00D78475 /* FirebaseAuthCombine-Community */; };
		190C482129475A6A00D78475 /* FirebaseCrashlytics in Frameworks */ = {isa = PBXBuildFile; productRef = 190C482029475A6A00D78475 /* FirebaseCrashlytics */; };
		190C482329475A6A00D78475 /* FirebaseDatabase in Frameworks */ = {isa = PBXBuildFile; productRef = 190C482229475A6A00D78475 /* FirebaseDatabase */; };
		190C482529475A6A00D78475 /* FirebaseDatabaseSwift in Frameworks */ = {isa = PBXBuildFile; productRef = 190C482429475A6A00D78475 /* FirebaseDatabaseSwift */; };
		190C482729475A6A00D78475 /* FirebaseDynamicLinks in Frameworks */ = {isa = PBXBuildFile; productRef = 190C482629475A6A00D78475 /* FirebaseDynamicLinks */; };
		190C482929475A6A00D78475 /* FirebaseFirestore in Frameworks */ = {isa = PBXBuildFile; productRef = 190C482829475A6A00D78475 /* FirebaseFirestore */; };
		190C482B29475A6A00D78475 /* FirebaseFirestoreCombine-Community in Frameworks */ = {isa = PBXBuildFile; productRef = 190C482A29475A6A00D78475 /* FirebaseFirestoreCombine-Community */; };
		190C482D29475A6A00D78475 /* FirebaseFirestoreSwift in Frameworks */ = {isa = PBXBuildFile; productRef = 190C482C29475A6A00D78475 /* FirebaseFirestoreSwift */; };
		190C482F29475A6A00D78475 /* FirebaseFunctions in Frameworks */ = {isa = PBXBuildFile; productRef = 190C482E29475A6A00D78475 /* FirebaseFunctions */; };
		190C483129475A6A00D78475 /* FirebaseFunctionsCombine-Community in Frameworks */ = {isa = PBXBuildFile; productRef = 190C483029475A6A00D78475 /* FirebaseFunctionsCombine-Community */; };
		190C483329475A6A00D78475 /* FirebaseInAppMessaging-Beta in Frameworks */ = {isa = PBXBuildFile; productRef = 190C483229475A6A00D78475 /* FirebaseInAppMessaging-Beta */; };
		190C483529475A6A00D78475 /* FirebaseInAppMessagingSwift-Beta in Frameworks */ = {isa = PBXBuildFile; productRef = 190C483429475A6A00D78475 /* FirebaseInAppMessagingSwift-Beta */; };
		190C483729475A6A00D78475 /* FirebaseInstallations in Frameworks */ = {isa = PBXBuildFile; productRef = 190C483629475A6A00D78475 /* FirebaseInstallations */; };
		190C483929475A6A00D78475 /* FirebaseMLModelDownloader in Frameworks */ = {isa = PBXBuildFile; productRef = 190C483829475A6A00D78475 /* FirebaseMLModelDownloader */; };
		190C483B29475A6A00D78475 /* FirebaseMessaging in Frameworks */ = {isa = PBXBuildFile; productRef = 190C483A29475A6A00D78475 /* FirebaseMessaging */; };
		190C483D29475A6A00D78475 /* FirebasePerformance in Frameworks */ = {isa = PBXBuildFile; productRef = 190C483C29475A6A00D78475 /* FirebasePerformance */; };
		190C483F29475A6A00D78475 /* FirebaseRemoteConfig in Frameworks */ = {isa = PBXBuildFile; productRef = 190C483E29475A6A00D78475 /* FirebaseRemoteConfig */; };
		190C484129475A6A00D78475 /* FirebaseRemoteConfigSwift in Frameworks */ = {isa = PBXBuildFile; productRef = 190C484029475A6A00D78475 /* FirebaseRemoteConfigSwift */; };
		190C484329475A6A00D78475 /* FirebaseStorage in Frameworks */ = {isa = PBXBuildFile; productRef = 190C484229475A6A00D78475 /* FirebaseStorage */; };
		190C484529475A6A00D78475 /* FirebaseStorageCombine-Community in Frameworks */ = {isa = PBXBuildFile; productRef = 190C484429475A6A00D78475 /* FirebaseStorageCombine-Community */; };
		193BCB692930C70E00B97B14 /* GenericInput.swift in Sources */ = {isa = PBXBuildFile; fileRef = 193BCB682930C70E00B97B14 /* GenericInput.swift */; };
		194D0CED294762580042DB67 /* TopTenEventsStyle.swift in Sources */ = {isa = PBXBuildFile; fileRef = 194D0CEC294762580042DB67 /* TopTenEventsStyle.swift */; };
		194D0CEF2948DBEF0042DB67 /* PopularEventsParent.swift in Sources */ = {isa = PBXBuildFile; fileRef = 194D0CEE2948DBEF0042DB67 /* PopularEventsParent.swift */; };
		194D0CF6294A0A390042DB67 /* RecomandedEventsParent.swift in Sources */ = {isa = PBXBuildFile; fileRef = 194D0CF5294A0A390042DB67 /* RecomandedEventsParent.swift */; };
		195291D52935009C0036B3D9 /* HomeCoordinator.swift in Sources */ = {isa = PBXBuildFile; fileRef = 195291D42935009C0036B3D9 /* HomeCoordinator.swift */; };
		195291D7293500A90036B3D9 /* HomeView.swift in Sources */ = {isa = PBXBuildFile; fileRef = 195291D6293500A90036B3D9 /* HomeView.swift */; };
		195291D9293500B50036B3D9 /* HomeRepository.swift in Sources */ = {isa = PBXBuildFile; fileRef = 195291D8293500B50036B3D9 /* HomeRepository.swift */; };
		195291DB293500C00036B3D9 /* HomeNavigation.swift in Sources */ = {isa = PBXBuildFile; fileRef = 195291DA293500C00036B3D9 /* HomeNavigation.swift */; };
		195291DD293500CD0036B3D9 /* HomeViewModel.swift in Sources */ = {isa = PBXBuildFile; fileRef = 195291DC293500CD0036B3D9 /* HomeViewModel.swift */; };
		195291E329378AE90036B3D9 /* ColoredButton.swift in Sources */ = {isa = PBXBuildFile; fileRef = 195291E229378AE90036B3D9 /* ColoredButton.swift */; };
		195291E62937B77B0036B3D9 /* CreateEventCoordinator.swift in Sources */ = {isa = PBXBuildFile; fileRef = 195291E52937B77B0036B3D9 /* CreateEventCoordinator.swift */; };
		195291E82937B7870036B3D9 /* CreateEventView.swift in Sources */ = {isa = PBXBuildFile; fileRef = 195291E72937B7870036B3D9 /* CreateEventView.swift */; };
		195291EA2937B7940036B3D9 /* CreateEventRepository.swift in Sources */ = {isa = PBXBuildFile; fileRef = 195291E92937B7940036B3D9 /* CreateEventRepository.swift */; };
		195291EC2937B7A60036B3D9 /* CreateEventNavigation.swift in Sources */ = {isa = PBXBuildFile; fileRef = 195291EB2937B7A60036B3D9 /* CreateEventNavigation.swift */; };
		195291EE2937B7B70036B3D9 /* CreateEventViewModel.swift in Sources */ = {isa = PBXBuildFile; fileRef = 195291ED2937B7B70036B3D9 /* CreateEventViewModel.swift */; };
		195291F02937D5560036B3D9 /* TopTenEvents.swift in Sources */ = {isa = PBXBuildFile; fileRef = 195291EF2937D5560036B3D9 /* TopTenEvents.swift */; };
		195291F22938B0A10036B3D9 /* PopularEventsStyle.swift in Sources */ = {isa = PBXBuildFile; fileRef = 195291F12938B0A10036B3D9 /* PopularEventsStyle.swift */; };
		195291F42938B87A0036B3D9 /* RecomandedEventsStyle.swift in Sources */ = {isa = PBXBuildFile; fileRef = 195291F32938B87A0036B3D9 /* RecomandedEventsStyle.swift */; };
		195291F62938C29C0036B3D9 /* AddEvent.swift in Sources */ = {isa = PBXBuildFile; fileRef = 195291F52938C29C0036B3D9 /* AddEvent.swift */; };
		195291F82938D5490036B3D9 /* BottomBar.swift in Sources */ = {isa = PBXBuildFile; fileRef = 195291F72938D5490036B3D9 /* BottomBar.swift */; };
		195291FA2938E6BC0036B3D9 /* DateTimePicker.swift in Sources */ = {isa = PBXBuildFile; fileRef = 195291F92938E6BC0036B3D9 /* DateTimePicker.swift */; };
		195291FC2939119A0036B3D9 /* PureTextInput.swift in Sources */ = {isa = PBXBuildFile; fileRef = 195291FB2939119A0036B3D9 /* PureTextInput.swift */; };
		195291FE293DDC030036B3D9 /* TimePicker.swift in Sources */ = {isa = PBXBuildFile; fileRef = 195291FD293DDC030036B3D9 /* TimePicker.swift */; };
		19529200293E12C70036B3D9 /* PhotoPicker.swift in Sources */ = {isa = PBXBuildFile; fileRef = 195291FF293E12C70036B3D9 /* PhotoPicker.swift */; };
		1952920B294083F20036B3D9 /* Participants.swift in Sources */ = {isa = PBXBuildFile; fileRef = 1952920A294083F20036B3D9 /* Participants.swift */; };
		1952920D29408FAA0036B3D9 /* EventHead.swift in Sources */ = {isa = PBXBuildFile; fileRef = 1952920C29408FAA0036B3D9 /* EventHead.swift */; };
		195F1A06292D099B002CF2DD /* AppDelegate.swift in Sources */ = {isa = PBXBuildFile; fileRef = 195F1A05292D099B002CF2DD /* AppDelegate.swift */; };
		195F1A08292D099B002CF2DD /* SceneDelegate.swift in Sources */ = {isa = PBXBuildFile; fileRef = 195F1A07292D099B002CF2DD /* SceneDelegate.swift */; };
		195F1A0A292D099B002CF2DD /* ViewController.swift in Sources */ = {isa = PBXBuildFile; fileRef = 195F1A09292D099B002CF2DD /* ViewController.swift */; };
		195F1A0D292D099B002CF2DD /* Main.storyboard in Resources */ = {isa = PBXBuildFile; fileRef = 195F1A0B292D099B002CF2DD /* Main.storyboard */; };
		195F1A10292D099B002CF2DD /* EventHub.xcdatamodeld in Sources */ = {isa = PBXBuildFile; fileRef = 195F1A0E292D099B002CF2DD /* EventHub.xcdatamodeld */; };
		195F1A12292D099C002CF2DD /* Assets.xcassets in Resources */ = {isa = PBXBuildFile; fileRef = 195F1A11292D099C002CF2DD /* Assets.xcassets */; };
		195F1A15292D099C002CF2DD /* LaunchScreen.storyboard in Resources */ = {isa = PBXBuildFile; fileRef = 195F1A13292D099C002CF2DD /* LaunchScreen.storyboard */; };
		195F1A1E292D0A31002CF2DD /* AppCoordinator.swift in Sources */ = {isa = PBXBuildFile; fileRef = 195F1A1D292D0A31002CF2DD /* AppCoordinator.swift */; };
		195F1A20292D0ADF002CF2DD /* SignInCoordinator.swift in Sources */ = {isa = PBXBuildFile; fileRef = 195F1A1F292D0ADF002CF2DD /* SignInCoordinator.swift */; };
		195F1A22292D0B18002CF2DD /* SignInView.swift in Sources */ = {isa = PBXBuildFile; fileRef = 195F1A21292D0B18002CF2DD /* SignInView.swift */; };
		195F1A24292D0B31002CF2DD /* SignInRepository.swift in Sources */ = {isa = PBXBuildFile; fileRef = 195F1A23292D0B31002CF2DD /* SignInRepository.swift */; };
		195F1A26292D0B49002CF2DD /* SignInNavigation.swift in Sources */ = {isa = PBXBuildFile; fileRef = 195F1A25292D0B49002CF2DD /* SignInNavigation.swift */; };
		195F1A28292D0B69002CF2DD /* SignInViewModel.swift in Sources */ = {isa = PBXBuildFile; fileRef = 195F1A27292D0B69002CF2DD /* SignInViewModel.swift */; };
		195F1A2E292D0F3F002CF2DD /* CustomPurpleButton.swift in Sources */ = {isa = PBXBuildFile; fileRef = 195F1A2D292D0F3F002CF2DD /* CustomPurpleButton.swift */; };
		195F1A3E292E5386002CF2DD /* SignUpCoordinator.swift in Sources */ = {isa = PBXBuildFile; fileRef = 195F1A3D292E5386002CF2DD /* SignUpCoordinator.swift */; };
		195F1A40292E53C4002CF2DD /* SignUpView.swift in Sources */ = {isa = PBXBuildFile; fileRef = 195F1A3F292E53C4002CF2DD /* SignUpView.swift */; };
		195F1A42292E53FF002CF2DD /* SignUpRepository.swift in Sources */ = {isa = PBXBuildFile; fileRef = 195F1A41292E53FF002CF2DD /* SignUpRepository.swift */; };
		195F1A44292E5427002CF2DD /* SignUpNavigation.swift in Sources */ = {isa = PBXBuildFile; fileRef = 195F1A43292E5427002CF2DD /* SignUpNavigation.swift */; };
		195F1A46292E544A002CF2DD /* SignUpViewModel.swift in Sources */ = {isa = PBXBuildFile; fileRef = 195F1A45292E544A002CF2DD /* SignUpViewModel.swift */; };
		198D76F1293240AD0027100B /* GoogleService-Info.plist in Resources */ = {isa = PBXBuildFile; fileRef = 198D76F0293240AD0027100B /* GoogleService-Info.plist */; };
		198D76F82934ECE10027100B /* SearchSettingsComponent.swift in Sources */ = {isa = PBXBuildFile; fileRef = 198D76F72934ECE10027100B /* SearchSettingsComponent.swift */; };
/* End PBXBuildFile section */

/* Begin PBXFileReference section */
		190C47E329421AEE00D78475 /* EventDetailsCoordinator.swift */ = {isa = PBXFileReference; lastKnownFileType = sourcecode.swift; path = EventDetailsCoordinator.swift; sourceTree = "<group>"; };
		190C47E529421AFD00D78475 /* EventDetailsView.swift */ = {isa = PBXFileReference; lastKnownFileType = sourcecode.swift; path = EventDetailsView.swift; sourceTree = "<group>"; };
		190C47E729421B0C00D78475 /* EventDetailsRepository.swift */ = {isa = PBXFileReference; lastKnownFileType = sourcecode.swift; path = EventDetailsRepository.swift; sourceTree = "<group>"; };
		190C47E929421B1B00D78475 /* EventDetailsNavigation.swift */ = {isa = PBXFileReference; lastKnownFileType = sourcecode.swift; path = EventDetailsNavigation.swift; sourceTree = "<group>"; };
		190C47EB29421B3700D78475 /* EventDetailsViewModel.swift */ = {isa = PBXFileReference; lastKnownFileType = sourcecode.swift; path = EventDetailsViewModel.swift; sourceTree = "<group>"; };
		190C47EE2942241800D78475 /* ParticipatePurpleButton.swift */ = {isa = PBXFileReference; lastKnownFileType = sourcecode.swift; path = ParticipatePurpleButton.swift; sourceTree = "<group>"; };
		190C47F0294300C800D78475 /* ParticipateChooseButton.swift */ = {isa = PBXFileReference; lastKnownFileType = sourcecode.swift; path = ParticipateChooseButton.swift; sourceTree = "<group>"; };
		190C47F2294302C500D78475 /* DetailsOfEvent.swift */ = {isa = PBXFileReference; lastKnownFileType = sourcecode.swift; path = DetailsOfEvent.swift; sourceTree = "<group>"; };
		190C47F52943037700D78475 /* DetailButtons.swift */ = {isa = PBXFileReference; lastKnownFileType = sourcecode.swift; path = DetailButtons.swift; sourceTree = "<group>"; };
		190C47F72943287500D78475 /* OrganiserDetailsEvent.swift */ = {isa = PBXFileReference; lastKnownFileType = sourcecode.swift; path = OrganiserDetailsEvent.swift; sourceTree = "<group>"; };
		190C47F92943322100D78475 /* MoreSimilarEvents.swift */ = {isa = PBXFileReference; lastKnownFileType = sourcecode.swift; path = MoreSimilarEvents.swift; sourceTree = "<group>"; };
		190C47FC294339D300D78475 /* HeadEventDetails.swift */ = {isa = PBXFileReference; lastKnownFileType = sourcecode.swift; path = HeadEventDetails.swift; sourceTree = "<group>"; };
		190C47FF2943642B00D78475 /* ProfileCoordinator.swift */ = {isa = PBXFileReference; lastKnownFileType = sourcecode.swift; path = ProfileCoordinator.swift; sourceTree = "<group>"; };
		190C48012943648700D78475 /* ProfileView.swift */ = {isa = PBXFileReference; lastKnownFileType = sourcecode.swift; path = ProfileView.swift; sourceTree = "<group>"; };
		190C48032943649E00D78475 /* ProfileRepository.swift */ = {isa = PBXFileReference; lastKnownFileType = sourcecode.swift; path = ProfileRepository.swift; sourceTree = "<group>"; };
		190C4805294364A900D78475 /* ProfileNavigation.swift */ = {isa = PBXFileReference; lastKnownFileType = sourcecode.swift; path = ProfileNavigation.swift; sourceTree = "<group>"; };
		190C4807294364CE00D78475 /* ProfileViewModel.swift */ = {isa = PBXFileReference; lastKnownFileType = sourcecode.swift; path = ProfileViewModel.swift; sourceTree = "<group>"; };
		190C480A294369B200D78475 /* HeadProfile.swift */ = {isa = PBXFileReference; lastKnownFileType = sourcecode.swift; path = HeadProfile.swift; sourceTree = "<group>"; };
		190C480D2947403200D78475 /* Event.swift */ = {isa = PBXFileReference; lastKnownFileType = sourcecode.swift; path = Event.swift; sourceTree = "<group>"; };
		193BCB682930C70E00B97B14 /* GenericInput.swift */ = {isa = PBXFileReference; lastKnownFileType = sourcecode.swift; path = GenericInput.swift; sourceTree = "<group>"; };
		194D0CEC294762580042DB67 /* TopTenEventsStyle.swift */ = {isa = PBXFileReference; lastKnownFileType = sourcecode.swift; path = TopTenEventsStyle.swift; sourceTree = "<group>"; };
		194D0CEE2948DBEF0042DB67 /* PopularEventsParent.swift */ = {isa = PBXFileReference; lastKnownFileType = sourcecode.swift; path = PopularEventsParent.swift; sourceTree = "<group>"; };
		194D0CF5294A0A390042DB67 /* RecomandedEventsParent.swift */ = {isa = PBXFileReference; lastKnownFileType = sourcecode.swift; path = RecomandedEventsParent.swift; sourceTree = "<group>"; };
		195291D42935009C0036B3D9 /* HomeCoordinator.swift */ = {isa = PBXFileReference; lastKnownFileType = sourcecode.swift; path = HomeCoordinator.swift; sourceTree = "<group>"; };
		195291D6293500A90036B3D9 /* HomeView.swift */ = {isa = PBXFileReference; lastKnownFileType = sourcecode.swift; path = HomeView.swift; sourceTree = "<group>"; };
		195291D8293500B50036B3D9 /* HomeRepository.swift */ = {isa = PBXFileReference; lastKnownFileType = sourcecode.swift; path = HomeRepository.swift; sourceTree = "<group>"; };
		195291DA293500C00036B3D9 /* HomeNavigation.swift */ = {isa = PBXFileReference; lastKnownFileType = sourcecode.swift; path = HomeNavigation.swift; sourceTree = "<group>"; };
		195291DC293500CD0036B3D9 /* HomeViewModel.swift */ = {isa = PBXFileReference; lastKnownFileType = sourcecode.swift; path = HomeViewModel.swift; sourceTree = "<group>"; };
		195291E229378AE90036B3D9 /* ColoredButton.swift */ = {isa = PBXFileReference; lastKnownFileType = sourcecode.swift; path = ColoredButton.swift; sourceTree = "<group>"; };
		195291E52937B77B0036B3D9 /* CreateEventCoordinator.swift */ = {isa = PBXFileReference; lastKnownFileType = sourcecode.swift; path = CreateEventCoordinator.swift; sourceTree = "<group>"; };
		195291E72937B7870036B3D9 /* CreateEventView.swift */ = {isa = PBXFileReference; lastKnownFileType = sourcecode.swift; path = CreateEventView.swift; sourceTree = "<group>"; };
		195291E92937B7940036B3D9 /* CreateEventRepository.swift */ = {isa = PBXFileReference; lastKnownFileType = sourcecode.swift; path = CreateEventRepository.swift; sourceTree = "<group>"; };
		195291EB2937B7A60036B3D9 /* CreateEventNavigation.swift */ = {isa = PBXFileReference; lastKnownFileType = sourcecode.swift; path = CreateEventNavigation.swift; sourceTree = "<group>"; };
		195291ED2937B7B70036B3D9 /* CreateEventViewModel.swift */ = {isa = PBXFileReference; lastKnownFileType = sourcecode.swift; path = CreateEventViewModel.swift; sourceTree = "<group>"; };
		195291EF2937D5560036B3D9 /* TopTenEvents.swift */ = {isa = PBXFileReference; lastKnownFileType = sourcecode.swift; path = TopTenEvents.swift; sourceTree = "<group>"; };
		195291F12938B0A10036B3D9 /* PopularEventsStyle.swift */ = {isa = PBXFileReference; lastKnownFileType = sourcecode.swift; path = PopularEventsStyle.swift; sourceTree = "<group>"; };
		195291F32938B87A0036B3D9 /* RecomandedEventsStyle.swift */ = {isa = PBXFileReference; lastKnownFileType = sourcecode.swift; path = RecomandedEventsStyle.swift; sourceTree = "<group>"; };
		195291F52938C29C0036B3D9 /* AddEvent.swift */ = {isa = PBXFileReference; lastKnownFileType = sourcecode.swift; path = AddEvent.swift; sourceTree = "<group>"; };
		195291F72938D5490036B3D9 /* BottomBar.swift */ = {isa = PBXFileReference; lastKnownFileType = sourcecode.swift; path = BottomBar.swift; sourceTree = "<group>"; };
		195291F92938E6BC0036B3D9 /* DateTimePicker.swift */ = {isa = PBXFileReference; lastKnownFileType = sourcecode.swift; path = DateTimePicker.swift; sourceTree = "<group>"; };
		195291FB2939119A0036B3D9 /* PureTextInput.swift */ = {isa = PBXFileReference; lastKnownFileType = sourcecode.swift; path = PureTextInput.swift; sourceTree = "<group>"; };
		195291FD293DDC030036B3D9 /* TimePicker.swift */ = {isa = PBXFileReference; lastKnownFileType = sourcecode.swift; path = TimePicker.swift; sourceTree = "<group>"; };
		195291FF293E12C70036B3D9 /* PhotoPicker.swift */ = {isa = PBXFileReference; lastKnownFileType = sourcecode.swift; path = PhotoPicker.swift; sourceTree = "<group>"; };
		1952920A294083F20036B3D9 /* Participants.swift */ = {isa = PBXFileReference; lastKnownFileType = sourcecode.swift; path = Participants.swift; sourceTree = "<group>"; };
		1952920C29408FAA0036B3D9 /* EventHead.swift */ = {isa = PBXFileReference; lastKnownFileType = sourcecode.swift; path = EventHead.swift; sourceTree = "<group>"; };
		195F1A02292D099B002CF2DD /* EventHub.app */ = {isa = PBXFileReference; explicitFileType = wrapper.application; includeInIndex = 0; path = EventHub.app; sourceTree = BUILT_PRODUCTS_DIR; };
		195F1A05292D099B002CF2DD /* AppDelegate.swift */ = {isa = PBXFileReference; lastKnownFileType = sourcecode.swift; path = AppDelegate.swift; sourceTree = "<group>"; };
		195F1A07292D099B002CF2DD /* SceneDelegate.swift */ = {isa = PBXFileReference; lastKnownFileType = sourcecode.swift; path = SceneDelegate.swift; sourceTree = "<group>"; };
		195F1A09292D099B002CF2DD /* ViewController.swift */ = {isa = PBXFileReference; lastKnownFileType = sourcecode.swift; path = ViewController.swift; sourceTree = "<group>"; };
		195F1A0C292D099B002CF2DD /* Base */ = {isa = PBXFileReference; lastKnownFileType = file.storyboard; name = Base; path = Base.lproj/Main.storyboard; sourceTree = "<group>"; };
		195F1A0F292D099B002CF2DD /* EventHub.xcdatamodel */ = {isa = PBXFileReference; lastKnownFileType = wrapper.xcdatamodel; path = EventHub.xcdatamodel; sourceTree = "<group>"; };
		195F1A11292D099C002CF2DD /* Assets.xcassets */ = {isa = PBXFileReference; lastKnownFileType = folder.assetcatalog; path = Assets.xcassets; sourceTree = "<group>"; };
		195F1A14292D099C002CF2DD /* Base */ = {isa = PBXFileReference; lastKnownFileType = file.storyboard; name = Base; path = Base.lproj/LaunchScreen.storyboard; sourceTree = "<group>"; };
		195F1A16292D099C002CF2DD /* Info.plist */ = {isa = PBXFileReference; lastKnownFileType = text.plist.xml; path = Info.plist; sourceTree = "<group>"; };
		195F1A1D292D0A31002CF2DD /* AppCoordinator.swift */ = {isa = PBXFileReference; lastKnownFileType = sourcecode.swift; path = AppCoordinator.swift; sourceTree = "<group>"; };
		195F1A1F292D0ADF002CF2DD /* SignInCoordinator.swift */ = {isa = PBXFileReference; lastKnownFileType = sourcecode.swift; path = SignInCoordinator.swift; sourceTree = "<group>"; };
		195F1A21292D0B18002CF2DD /* SignInView.swift */ = {isa = PBXFileReference; lastKnownFileType = sourcecode.swift; path = SignInView.swift; sourceTree = "<group>"; };
		195F1A23292D0B31002CF2DD /* SignInRepository.swift */ = {isa = PBXFileReference; lastKnownFileType = sourcecode.swift; path = SignInRepository.swift; sourceTree = "<group>"; };
		195F1A25292D0B49002CF2DD /* SignInNavigation.swift */ = {isa = PBXFileReference; lastKnownFileType = sourcecode.swift; path = SignInNavigation.swift; sourceTree = "<group>"; };
		195F1A27292D0B69002CF2DD /* SignInViewModel.swift */ = {isa = PBXFileReference; lastKnownFileType = sourcecode.swift; path = SignInViewModel.swift; sourceTree = "<group>"; };
		195F1A2D292D0F3F002CF2DD /* CustomPurpleButton.swift */ = {isa = PBXFileReference; lastKnownFileType = sourcecode.swift; path = CustomPurpleButton.swift; sourceTree = "<group>"; };
		195F1A3D292E5386002CF2DD /* SignUpCoordinator.swift */ = {isa = PBXFileReference; lastKnownFileType = sourcecode.swift; path = SignUpCoordinator.swift; sourceTree = "<group>"; };
		195F1A3F292E53C4002CF2DD /* SignUpView.swift */ = {isa = PBXFileReference; lastKnownFileType = sourcecode.swift; path = SignUpView.swift; sourceTree = "<group>"; };
		195F1A41292E53FF002CF2DD /* SignUpRepository.swift */ = {isa = PBXFileReference; lastKnownFileType = sourcecode.swift; path = SignUpRepository.swift; sourceTree = "<group>"; };
		195F1A43292E5427002CF2DD /* SignUpNavigation.swift */ = {isa = PBXFileReference; lastKnownFileType = sourcecode.swift; path = SignUpNavigation.swift; sourceTree = "<group>"; };
		195F1A45292E544A002CF2DD /* SignUpViewModel.swift */ = {isa = PBXFileReference; lastKnownFileType = sourcecode.swift; path = SignUpViewModel.swift; sourceTree = "<group>"; };
		198D76F0293240AD0027100B /* GoogleService-Info.plist */ = {isa = PBXFileReference; fileEncoding = 4; lastKnownFileType = text.plist.xml; name = "GoogleService-Info.plist"; path = "../../GoogleService-Info.plist"; sourceTree = "<group>"; };
		198D76F72934ECE10027100B /* SearchSettingsComponent.swift */ = {isa = PBXFileReference; lastKnownFileType = sourcecode.swift; path = SearchSettingsComponent.swift; sourceTree = "<group>"; };
/* End PBXFileReference section */

/* Begin PBXFrameworksBuildPhase section */
		195F19FF292D099B002CF2DD /* Frameworks */ = {
			isa = PBXFrameworksBuildPhase;
			buildActionMask = 2147483647;
			files = (
				190C482329475A6A00D78475 /* FirebaseDatabase in Frameworks */,
				190C483129475A6A00D78475 /* FirebaseFunctionsCombine-Community in Frameworks */,
				190C482929475A6A00D78475 /* FirebaseFirestore in Frameworks */,
				190C481529475A6A00D78475 /* FirebaseAnalyticsSwift in Frameworks */,
				190C481129475A6A00D78475 /* FirebaseAnalytics in Frameworks */,
				190C481329475A6A00D78475 /* FirebaseAnalyticsOnDeviceConversion in Frameworks */,
				190C483929475A6A00D78475 /* FirebaseMLModelDownloader in Frameworks */,
				190C482D29475A6A00D78475 /* FirebaseFirestoreSwift in Frameworks */,
				190C481929475A6A00D78475 /* FirebaseAppCheck in Frameworks */,
				190C481729475A6A00D78475 /* FirebaseAnalyticsWithoutAdIdSupport in Frameworks */,
				190C481D29475A6A00D78475 /* FirebaseAuth in Frameworks */,
				190C482129475A6A00D78475 /* FirebaseCrashlytics in Frameworks */,
				190C484129475A6A00D78475 /* FirebaseRemoteConfigSwift in Frameworks */,
				190C483329475A6A00D78475 /* FirebaseInAppMessaging-Beta in Frameworks */,
				190C482529475A6A00D78475 /* FirebaseDatabaseSwift in Frameworks */,
				190C482F29475A6A00D78475 /* FirebaseFunctions in Frameworks */,
				190C484529475A6A00D78475 /* FirebaseStorageCombine-Community in Frameworks */,
				190C483F29475A6A00D78475 /* FirebaseRemoteConfig in Frameworks */,
				190C481B29475A6A00D78475 /* FirebaseAppDistribution-Beta in Frameworks */,
				190C481F29475A6A00D78475 /* FirebaseAuthCombine-Community in Frameworks */,
				190C483D29475A6A00D78475 /* FirebasePerformance in Frameworks */,
				190C483529475A6A00D78475 /* FirebaseInAppMessagingSwift-Beta in Frameworks */,
				190C484329475A6A00D78475 /* FirebaseStorage in Frameworks */,
				190C482729475A6A00D78475 /* FirebaseDynamicLinks in Frameworks */,
				190C482B29475A6A00D78475 /* FirebaseFirestoreCombine-Community in Frameworks */,
				190C483B29475A6A00D78475 /* FirebaseMessaging in Frameworks */,
				190C483729475A6A00D78475 /* FirebaseInstallations in Frameworks */,
			);
			runOnlyForDeploymentPostprocessing = 0;
		};
/* End PBXFrameworksBuildPhase section */

/* Begin PBXGroup section */
		190C47E229421A3F00D78475 /* EventDetails */ = {
			isa = PBXGroup;
			children = (
				190C47ED294223FC00D78475 /* Assets */,
				190C47E329421AEE00D78475 /* EventDetailsCoordinator.swift */,
				190C47E529421AFD00D78475 /* EventDetailsView.swift */,
				190C47E729421B0C00D78475 /* EventDetailsRepository.swift */,
				190C47E929421B1B00D78475 /* EventDetailsNavigation.swift */,
				190C47EB29421B3700D78475 /* EventDetailsViewModel.swift */,
			);
			path = EventDetails;
			sourceTree = "<group>";
		};
		190C47ED294223FC00D78475 /* Assets */ = {
			isa = PBXGroup;
			children = (
				190C47F42943033700D78475 /* Buttons */,
				190C47F2294302C500D78475 /* DetailsOfEvent.swift */,
				190C47F92943322100D78475 /* MoreSimilarEvents.swift */,
				190C47F72943287500D78475 /* OrganiserDetailsEvent.swift */,
				190C47FC294339D300D78475 /* HeadEventDetails.swift */,
			);
			path = Assets;
			sourceTree = "<group>";
		};
		190C47F42943033700D78475 /* Buttons */ = {
			isa = PBXGroup;
			children = (
				190C47F0294300C800D78475 /* ParticipateChooseButton.swift */,
				190C47EE2942241800D78475 /* ParticipatePurpleButton.swift */,
				190C47F52943037700D78475 /* DetailButtons.swift */,
			);
			path = Buttons;
			sourceTree = "<group>";
		};
		190C47FE294363BF00D78475 /* Profile */ = {
			isa = PBXGroup;
			children = (
				190C4809294369A000D78475 /* Assets */,
				190C47FF2943642B00D78475 /* ProfileCoordinator.swift */,
				190C48012943648700D78475 /* ProfileView.swift */,
				190C48032943649E00D78475 /* ProfileRepository.swift */,
				190C4805294364A900D78475 /* ProfileNavigation.swift */,
				190C4807294364CE00D78475 /* ProfileViewModel.swift */,
			);
			name = Profile;
			sourceTree = "<group>";
		};
		190C4809294369A000D78475 /* Assets */ = {
			isa = PBXGroup;
			children = (
				190C480A294369B200D78475 /* HeadProfile.swift */,
			);
			name = Assets;
			sourceTree = "<group>";
		};
		190C480C2947402200D78475 /* Models */ = {
			isa = PBXGroup;
			children = (
				190C480D2947403200D78475 /* Event.swift */,
			);
			path = Models;
			sourceTree = "<group>";
		};
		194D0CF02948DF5D0042DB67 /* PopularEvents */ = {
			isa = PBXGroup;
			children = (
				194D0CEE2948DBEF0042DB67 /* PopularEventsParent.swift */,
				195291F12938B0A10036B3D9 /* PopularEventsStyle.swift */,
			);
			path = PopularEvents;
			sourceTree = "<group>";
		};
		194D0CF12948DF8F0042DB67 /* TopTenEvents */ = {
			isa = PBXGroup;
			children = (
				195291EF2937D5560036B3D9 /* TopTenEvents.swift */,
				194D0CEC294762580042DB67 /* TopTenEventsStyle.swift */,
			);
			path = TopTenEvents;
			sourceTree = "<group>";
		};
		194D0CF22948DFC70042DB67 /* Assets */ = {
			isa = PBXGroup;
			children = (
				195291F52938C29C0036B3D9 /* AddEvent.swift */,
				195291F72938D5490036B3D9 /* BottomBar.swift */,
				198D76F72934ECE10027100B /* SearchSettingsComponent.swift */,
				194D0CF7294A0A8D0042DB67 /* RecomandedEvents */,
				194D0CF02948DF5D0042DB67 /* PopularEvents */,
				194D0CF12948DF8F0042DB67 /* TopTenEvents */,
			);
			path = Assets;
			sourceTree = "<group>";
		};
		194D0CF32948E0C40042DB67 /* Pickers */ = {
			isa = PBXGroup;
			children = (
				195291FF293E12C70036B3D9 /* PhotoPicker.swift */,
				195291F92938E6BC0036B3D9 /* DateTimePicker.swift */,
				195291FD293DDC030036B3D9 /* TimePicker.swift */,
			);
			path = Pickers;
			sourceTree = "<group>";
		};
		194D0CF42948E0E50042DB67 /* Assets */ = {
			isa = PBXGroup;
			children = (
				1952920C29408FAA0036B3D9 /* EventHead.swift */,
				1952920A294083F20036B3D9 /* Participants.swift */,
				194D0CF32948E0C40042DB67 /* Pickers */,
			);
			path = Assets;
			sourceTree = "<group>";
		};
		194D0CF7294A0A8D0042DB67 /* RecomandedEvents */ = {
			isa = PBXGroup;
			children = (
				194D0CF5294A0A390042DB67 /* RecomandedEventsParent.swift */,
				195291F32938B87A0036B3D9 /* RecomandedEventsStyle.swift */,
			);
			path = RecomandedEvents;
			sourceTree = "<group>";
		};
		195291E42937B67E0036B3D9 /* CreateEvent */ = {
			isa = PBXGroup;
			children = (
				194D0CF42948E0E50042DB67 /* Assets */,
				190C480C2947402200D78475 /* Models */,
				195291E52937B77B0036B3D9 /* CreateEventCoordinator.swift */,
				195291E72937B7870036B3D9 /* CreateEventView.swift */,
				195291E92937B7940036B3D9 /* CreateEventRepository.swift */,
				195291EB2937B7A60036B3D9 /* CreateEventNavigation.swift */,
				195291ED2937B7B70036B3D9 /* CreateEventViewModel.swift */,
			);
			path = CreateEvent;
			sourceTree = "<group>";
		};
		195F19F9292D099B002CF2DD = {
			isa = PBXGroup;
			children = (
				195F1A04292D099B002CF2DD /* EventHub */,
				195F1A03292D099B002CF2DD /* Products */,
			);
			sourceTree = "<group>";
		};
		195F1A03292D099B002CF2DD /* Products */ = {
			isa = PBXGroup;
			children = (
				195F1A02292D099B002CF2DD /* EventHub.app */,
			);
			name = Products;
			sourceTree = "<group>";
		};
		195F1A04292D099B002CF2DD /* EventHub */ = {
			isa = PBXGroup;
			children = (
				195F1A05292D099B002CF2DD /* AppDelegate.swift */,
				195F1A07292D099B002CF2DD /* SceneDelegate.swift */,
				195F1A1D292D0A31002CF2DD /* AppCoordinator.swift */,
				195F1A29292D0E43002CF2DD /* Assets */,
				195F1A3C292E5339002CF2DD /* SignUp */,
				195F1A1C292D0A02002CF2DD /* SignIn */,
				198D76F92934FD1C0027100B /* Home */,
				195291E42937B67E0036B3D9 /* CreateEvent */,
				190C47E229421A3F00D78475 /* EventDetails */,
				190C47FE294363BF00D78475 /* Profile */,
				195F1A0B292D099B002CF2DD /* Main.storyboard */,
				195F1A09292D099B002CF2DD /* ViewController.swift */,
				195F1A11292D099C002CF2DD /* Assets.xcassets */,
				195F1A13292D099C002CF2DD /* LaunchScreen.storyboard */,
				195F1A16292D099C002CF2DD /* Info.plist */,
				195F1A0E292D099B002CF2DD /* EventHub.xcdatamodeld */,
				198D76F0293240AD0027100B /* GoogleService-Info.plist */,
			);
			path = EventHub;
			sourceTree = "<group>";
		};
		195F1A1C292D0A02002CF2DD /* SignIn */ = {
			isa = PBXGroup;
			children = (
				195F1A1F292D0ADF002CF2DD /* SignInCoordinator.swift */,
				195F1A21292D0B18002CF2DD /* SignInView.swift */,
				195F1A23292D0B31002CF2DD /* SignInRepository.swift */,
				195F1A25292D0B49002CF2DD /* SignInNavigation.swift */,
				195F1A27292D0B69002CF2DD /* SignInViewModel.swift */,
			);
			path = SignIn;
			sourceTree = "<group>";
		};
		195F1A29292D0E43002CF2DD /* Assets */ = {
			isa = PBXGroup;
			children = (
				195F1A2A292D0E56002CF2DD /* Components */,
			);
			path = Assets;
			sourceTree = "<group>";
		};
		195F1A2A292D0E56002CF2DD /* Components */ = {
			isa = PBXGroup;
			children = (
				195F1A2B292D0E5F002CF2DD /* Buttons */,
				195F1A2C292D0E68002CF2DD /* Inputs */,
			);
			path = Components;
			sourceTree = "<group>";
		};
		195F1A2B292D0E5F002CF2DD /* Buttons */ = {
			isa = PBXGroup;
			children = (
				195291E229378AE90036B3D9 /* ColoredButton.swift */,
				195F1A2D292D0F3F002CF2DD /* CustomPurpleButton.swift */,
			);
			path = Buttons;
			sourceTree = "<group>";
		};
		195F1A2C292D0E68002CF2DD /* Inputs */ = {
			isa = PBXGroup;
			children = (
				193BCB682930C70E00B97B14 /* GenericInput.swift */,
				195291FB2939119A0036B3D9 /* PureTextInput.swift */,
			);
			path = Inputs;
			sourceTree = "<group>";
		};
		195F1A3C292E5339002CF2DD /* SignUp */ = {
			isa = PBXGroup;
			children = (
				195F1A3D292E5386002CF2DD /* SignUpCoordinator.swift */,
				195F1A3F292E53C4002CF2DD /* SignUpView.swift */,
				195F1A41292E53FF002CF2DD /* SignUpRepository.swift */,
				195F1A43292E5427002CF2DD /* SignUpNavigation.swift */,
				195F1A45292E544A002CF2DD /* SignUpViewModel.swift */,
			);
			path = SignUp;
			sourceTree = "<group>";
		};
		198D76F92934FD1C0027100B /* Home */ = {
			isa = PBXGroup;
			children = (
				194D0CF22948DFC70042DB67 /* Assets */,
				195291D42935009C0036B3D9 /* HomeCoordinator.swift */,
				195291D6293500A90036B3D9 /* HomeView.swift */,
				195291DC293500CD0036B3D9 /* HomeViewModel.swift */,
				195291D8293500B50036B3D9 /* HomeRepository.swift */,
				195291DA293500C00036B3D9 /* HomeNavigation.swift */,
			);
			path = Home;
			sourceTree = "<group>";
		};
/* End PBXGroup section */

/* Begin PBXNativeTarget section */
		195F1A01292D099B002CF2DD /* EventHub */ = {
			isa = PBXNativeTarget;
			buildConfigurationList = 195F1A19292D099C002CF2DD /* Build configuration list for PBXNativeTarget "EventHub" */;
			buildPhases = (
				195F19FE292D099B002CF2DD /* Sources */,
				195F19FF292D099B002CF2DD /* Frameworks */,
				195F1A00292D099B002CF2DD /* Resources */,
			);
			buildRules = (
			);
			dependencies = (
			);
			name = EventHub;
			packageProductDependencies = (
				190C481029475A6A00D78475 /* FirebaseAnalytics */,
				190C481229475A6A00D78475 /* FirebaseAnalyticsOnDeviceConversion */,
				190C481429475A6A00D78475 /* FirebaseAnalyticsSwift */,
				190C481629475A6A00D78475 /* FirebaseAnalyticsWithoutAdIdSupport */,
				190C481829475A6A00D78475 /* FirebaseAppCheck */,
				190C481A29475A6A00D78475 /* FirebaseAppDistribution-Beta */,
				190C481C29475A6A00D78475 /* FirebaseAuth */,
				190C481E29475A6A00D78475 /* FirebaseAuthCombine-Community */,
				190C482029475A6A00D78475 /* FirebaseCrashlytics */,
				190C482229475A6A00D78475 /* FirebaseDatabase */,
				190C482429475A6A00D78475 /* FirebaseDatabaseSwift */,
				190C482629475A6A00D78475 /* FirebaseDynamicLinks */,
				190C482829475A6A00D78475 /* FirebaseFirestore */,
				190C482A29475A6A00D78475 /* FirebaseFirestoreCombine-Community */,
				190C482C29475A6A00D78475 /* FirebaseFirestoreSwift */,
				190C482E29475A6A00D78475 /* FirebaseFunctions */,
				190C483029475A6A00D78475 /* FirebaseFunctionsCombine-Community */,
				190C483229475A6A00D78475 /* FirebaseInAppMessaging-Beta */,
				190C483429475A6A00D78475 /* FirebaseInAppMessagingSwift-Beta */,
				190C483629475A6A00D78475 /* FirebaseInstallations */,
				190C483829475A6A00D78475 /* FirebaseMLModelDownloader */,
				190C483A29475A6A00D78475 /* FirebaseMessaging */,
				190C483C29475A6A00D78475 /* FirebasePerformance */,
				190C483E29475A6A00D78475 /* FirebaseRemoteConfig */,
				190C484029475A6A00D78475 /* FirebaseRemoteConfigSwift */,
				190C484229475A6A00D78475 /* FirebaseStorage */,
				190C484429475A6A00D78475 /* FirebaseStorageCombine-Community */,
			);
			productName = EventHub;
			productReference = 195F1A02292D099B002CF2DD /* EventHub.app */;
			productType = "com.apple.product-type.application";
		};
/* End PBXNativeTarget section */

/* Begin PBXProject section */
		195F19FA292D099B002CF2DD /* Project object */ = {
			isa = PBXProject;
			attributes = {
				BuildIndependentTargetsInParallel = 1;
				LastSwiftUpdateCheck = 1410;
				LastUpgradeCheck = 1410;
				TargetAttributes = {
					195F1A01292D099B002CF2DD = {
						CreatedOnToolsVersion = 14.1;
					};
				};
			};
			buildConfigurationList = 195F19FD292D099B002CF2DD /* Build configuration list for PBXProject "EventHub" */;
			compatibilityVersion = "Xcode 14.0";
			developmentRegion = en;
			hasScannedForEncodings = 0;
			knownRegions = (
				en,
				Base,
			);
			mainGroup = 195F19F9292D099B002CF2DD;
			packageReferences = (
				190C480F29475A6A00D78475 /* XCRemoteSwiftPackageReference "firebase-ios-sdk" */,
			);
			productRefGroup = 195F1A03292D099B002CF2DD /* Products */;
			projectDirPath = "";
			projectRoot = "";
			targets = (
				195F1A01292D099B002CF2DD /* EventHub */,
			);
		};
/* End PBXProject section */

/* Begin PBXResourcesBuildPhase section */
		195F1A00292D099B002CF2DD /* Resources */ = {
			isa = PBXResourcesBuildPhase;
			buildActionMask = 2147483647;
			files = (
				195F1A15292D099C002CF2DD /* LaunchScreen.storyboard in Resources */,
				198D76F1293240AD0027100B /* GoogleService-Info.plist in Resources */,
				195F1A12292D099C002CF2DD /* Assets.xcassets in Resources */,
				195F1A0D292D099B002CF2DD /* Main.storyboard in Resources */,
			);
			runOnlyForDeploymentPostprocessing = 0;
		};
/* End PBXResourcesBuildPhase section */

/* Begin PBXSourcesBuildPhase section */
		195F19FE292D099B002CF2DD /* Sources */ = {
			isa = PBXSourcesBuildPhase;
			buildActionMask = 2147483647;
			files = (
				190C47E829421B0C00D78475 /* EventDetailsRepository.swift in Sources */,
				195F1A0A292D099B002CF2DD /* ViewController.swift in Sources */,
				190C47E429421AEE00D78475 /* EventDetailsCoordinator.swift in Sources */,
				190C4806294364A900D78475 /* ProfileNavigation.swift in Sources */,
				195291E62937B77B0036B3D9 /* CreateEventCoordinator.swift in Sources */,
				190C480B294369B200D78475 /* HeadProfile.swift in Sources */,
				195F1A42292E53FF002CF2DD /* SignUpRepository.swift in Sources */,
				195291F62938C29C0036B3D9 /* AddEvent.swift in Sources */,
				193BCB692930C70E00B97B14 /* GenericInput.swift in Sources */,
				195291EE2937B7B70036B3D9 /* CreateEventViewModel.swift in Sources */,
				190C480E2947403200D78475 /* Event.swift in Sources */,
				190C47F82943287500D78475 /* OrganiserDetailsEvent.swift in Sources */,
				190C48002943642B00D78475 /* ProfileCoordinator.swift in Sources */,
				195F1A46292E544A002CF2DD /* SignUpViewModel.swift in Sources */,
				195F1A24292D0B31002CF2DD /* SignInRepository.swift in Sources */,
				195291F82938D5490036B3D9 /* BottomBar.swift in Sources */,
				190C48042943649E00D78475 /* ProfileRepository.swift in Sources */,
				195F1A26292D0B49002CF2DD /* SignInNavigation.swift in Sources */,
				190C47EF2942241800D78475 /* ParticipatePurpleButton.swift in Sources */,
				195291FE293DDC030036B3D9 /* TimePicker.swift in Sources */,
				198D76F82934ECE10027100B /* SearchSettingsComponent.swift in Sources */,
				195F1A22292D0B18002CF2DD /* SignInView.swift in Sources */,
				195F1A44292E5427002CF2DD /* SignUpNavigation.swift in Sources */,
				1952920D29408FAA0036B3D9 /* EventHead.swift in Sources */,
				195291EA2937B7940036B3D9 /* CreateEventRepository.swift in Sources */,
				195291D9293500B50036B3D9 /* HomeRepository.swift in Sources */,
				194D0CF6294A0A390042DB67 /* RecomandedEventsParent.swift in Sources */,
				195F1A28292D0B69002CF2DD /* SignInViewModel.swift in Sources */,
				195291F22938B0A10036B3D9 /* PopularEventsStyle.swift in Sources */,
				194D0CEF2948DBEF0042DB67 /* PopularEventsParent.swift in Sources */,
				190C47F62943037700D78475 /* DetailButtons.swift in Sources */,
				190C47F1294300C800D78475 /* ParticipateChooseButton.swift in Sources */,
				195F1A2E292D0F3F002CF2DD /* CustomPurpleButton.swift in Sources */,
				1952920B294083F20036B3D9 /* Participants.swift in Sources */,
				190C48022943648700D78475 /* ProfileView.swift in Sources */,
				195F1A06292D099B002CF2DD /* AppDelegate.swift in Sources */,
				195F1A1E292D0A31002CF2DD /* AppCoordinator.swift in Sources */,
				195F1A10292D099B002CF2DD /* EventHub.xcdatamodeld in Sources */,
				190C47F3294302C500D78475 /* DetailsOfEvent.swift in Sources */,
				190C47FD294339D300D78475 /* HeadEventDetails.swift in Sources */,
				195291D7293500A90036B3D9 /* HomeView.swift in Sources */,
				195291DB293500C00036B3D9 /* HomeNavigation.swift in Sources */,
				195F1A20292D0ADF002CF2DD /* SignInCoordinator.swift in Sources */,
				194D0CED294762580042DB67 /* TopTenEventsStyle.swift in Sources */,
				190C4808294364CE00D78475 /* ProfileViewModel.swift in Sources */,
				190C47EC29421B3700D78475 /* EventDetailsViewModel.swift in Sources */,
				195291E82937B7870036B3D9 /* CreateEventView.swift in Sources */,
				195291DD293500CD0036B3D9 /* HomeViewModel.swift in Sources */,
				190C47EA29421B1B00D78475 /* EventDetailsNavigation.swift in Sources */,
				195291FA2938E6BC0036B3D9 /* DateTimePicker.swift in Sources */,
				195291F42938B87A0036B3D9 /* RecomandedEventsStyle.swift in Sources */,
				195291E329378AE90036B3D9 /* ColoredButton.swift in Sources */,
				195291F02937D5560036B3D9 /* TopTenEvents.swift in Sources */,
				190C47E629421AFD00D78475 /* EventDetailsView.swift in Sources */,
				195F1A40292E53C4002CF2DD /* SignUpView.swift in Sources */,
				19529200293E12C70036B3D9 /* PhotoPicker.swift in Sources */,
				195291EC2937B7A60036B3D9 /* CreateEventNavigation.swift in Sources */,
				190C47FA2943322100D78475 /* MoreSimilarEvents.swift in Sources */,
				195291D52935009C0036B3D9 /* HomeCoordinator.swift in Sources */,
				195F1A3E292E5386002CF2DD /* SignUpCoordinator.swift in Sources */,
				195F1A08292D099B002CF2DD /* SceneDelegate.swift in Sources */,
				195291FC2939119A0036B3D9 /* PureTextInput.swift in Sources */,
			);
			runOnlyForDeploymentPostprocessing = 0;
		};
/* End PBXSourcesBuildPhase section */

/* Begin PBXVariantGroup section */
		195F1A0B292D099B002CF2DD /* Main.storyboard */ = {
			isa = PBXVariantGroup;
			children = (
				195F1A0C292D099B002CF2DD /* Base */,
			);
			name = Main.storyboard;
			sourceTree = "<group>";
		};
		195F1A13292D099C002CF2DD /* LaunchScreen.storyboard */ = {
			isa = PBXVariantGroup;
			children = (
				195F1A14292D099C002CF2DD /* Base */,
			);
			name = LaunchScreen.storyboard;
			sourceTree = "<group>";
		};
/* End PBXVariantGroup section */

/* Begin XCBuildConfiguration section */
		195F1A17292D099C002CF2DD /* Debug */ = {
			isa = XCBuildConfiguration;
			buildSettings = {
				ALWAYS_SEARCH_USER_PATHS = NO;
				CLANG_ANALYZER_LOCALIZABILITY_NONLOCALIZED = YES;
				CLANG_ANALYZER_NONNULL = YES;
				CLANG_ANALYZER_NUMBER_OBJECT_CONVERSION = YES_AGGRESSIVE;
				CLANG_CXX_LANGUAGE_STANDARD = "gnu++20";
				CLANG_ENABLE_MODULES = YES;
				CLANG_ENABLE_OBJC_ARC = YES;
				CLANG_ENABLE_OBJC_WEAK = YES;
				CLANG_WARN_BLOCK_CAPTURE_AUTORELEASING = YES;
				CLANG_WARN_BOOL_CONVERSION = YES;
				CLANG_WARN_COMMA = YES;
				CLANG_WARN_CONSTANT_CONVERSION = YES;
				CLANG_WARN_DEPRECATED_OBJC_IMPLEMENTATIONS = YES;
				CLANG_WARN_DIRECT_OBJC_ISA_USAGE = YES_ERROR;
				CLANG_WARN_DOCUMENTATION_COMMENTS = YES;
				CLANG_WARN_EMPTY_BODY = YES;
				CLANG_WARN_ENUM_CONVERSION = YES;
				CLANG_WARN_INFINITE_RECURSION = YES;
				CLANG_WARN_INT_CONVERSION = YES;
				CLANG_WARN_NON_LITERAL_NULL_CONVERSION = YES;
				CLANG_WARN_OBJC_IMPLICIT_RETAIN_SELF = YES;
				CLANG_WARN_OBJC_LITERAL_CONVERSION = YES;
				CLANG_WARN_OBJC_ROOT_CLASS = YES_ERROR;
				CLANG_WARN_QUOTED_INCLUDE_IN_FRAMEWORK_HEADER = YES;
				CLANG_WARN_RANGE_LOOP_ANALYSIS = YES;
				CLANG_WARN_STRICT_PROTOTYPES = YES;
				CLANG_WARN_SUSPICIOUS_MOVE = YES;
				CLANG_WARN_UNGUARDED_AVAILABILITY = YES_AGGRESSIVE;
				CLANG_WARN_UNREACHABLE_CODE = YES;
				CLANG_WARN__DUPLICATE_METHOD_MATCH = YES;
				COPY_PHASE_STRIP = NO;
				DEBUG_INFORMATION_FORMAT = dwarf;
				ENABLE_STRICT_OBJC_MSGSEND = YES;
				ENABLE_TESTABILITY = YES;
				GCC_C_LANGUAGE_STANDARD = gnu11;
				GCC_DYNAMIC_NO_PIC = NO;
				GCC_NO_COMMON_BLOCKS = YES;
				GCC_OPTIMIZATION_LEVEL = 0;
				GCC_PREPROCESSOR_DEFINITIONS = (
					"DEBUG=1",
					"$(inherited)",
				);
				GCC_WARN_64_TO_32_BIT_CONVERSION = YES;
				GCC_WARN_ABOUT_RETURN_TYPE = YES_ERROR;
				GCC_WARN_UNDECLARED_SELECTOR = YES;
				GCC_WARN_UNINITIALIZED_AUTOS = YES_AGGRESSIVE;
				GCC_WARN_UNUSED_FUNCTION = YES;
				GCC_WARN_UNUSED_VARIABLE = YES;
				IPHONEOS_DEPLOYMENT_TARGET = 16.1;
				MTL_ENABLE_DEBUG_INFO = INCLUDE_SOURCE;
				MTL_FAST_MATH = YES;
				ONLY_ACTIVE_ARCH = YES;
				SDKROOT = iphoneos;
				SWIFT_ACTIVE_COMPILATION_CONDITIONS = DEBUG;
				SWIFT_OPTIMIZATION_LEVEL = "-Onone";
			};
			name = Debug;
		};
		195F1A18292D099C002CF2DD /* Release */ = {
			isa = XCBuildConfiguration;
			buildSettings = {
				ALWAYS_SEARCH_USER_PATHS = NO;
				CLANG_ANALYZER_LOCALIZABILITY_NONLOCALIZED = YES;
				CLANG_ANALYZER_NONNULL = YES;
				CLANG_ANALYZER_NUMBER_OBJECT_CONVERSION = YES_AGGRESSIVE;
				CLANG_CXX_LANGUAGE_STANDARD = "gnu++20";
				CLANG_ENABLE_MODULES = YES;
				CLANG_ENABLE_OBJC_ARC = YES;
				CLANG_ENABLE_OBJC_WEAK = YES;
				CLANG_WARN_BLOCK_CAPTURE_AUTORELEASING = YES;
				CLANG_WARN_BOOL_CONVERSION = YES;
				CLANG_WARN_COMMA = YES;
				CLANG_WARN_CONSTANT_CONVERSION = YES;
				CLANG_WARN_DEPRECATED_OBJC_IMPLEMENTATIONS = YES;
				CLANG_WARN_DIRECT_OBJC_ISA_USAGE = YES_ERROR;
				CLANG_WARN_DOCUMENTATION_COMMENTS = YES;
				CLANG_WARN_EMPTY_BODY = YES;
				CLANG_WARN_ENUM_CONVERSION = YES;
				CLANG_WARN_INFINITE_RECURSION = YES;
				CLANG_WARN_INT_CONVERSION = YES;
				CLANG_WARN_NON_LITERAL_NULL_CONVERSION = YES;
				CLANG_WARN_OBJC_IMPLICIT_RETAIN_SELF = YES;
				CLANG_WARN_OBJC_LITERAL_CONVERSION = YES;
				CLANG_WARN_OBJC_ROOT_CLASS = YES_ERROR;
				CLANG_WARN_QUOTED_INCLUDE_IN_FRAMEWORK_HEADER = YES;
				CLANG_WARN_RANGE_LOOP_ANALYSIS = YES;
				CLANG_WARN_STRICT_PROTOTYPES = YES;
				CLANG_WARN_SUSPICIOUS_MOVE = YES;
				CLANG_WARN_UNGUARDED_AVAILABILITY = YES_AGGRESSIVE;
				CLANG_WARN_UNREACHABLE_CODE = YES;
				CLANG_WARN__DUPLICATE_METHOD_MATCH = YES;
				COPY_PHASE_STRIP = NO;
				DEBUG_INFORMATION_FORMAT = "dwarf-with-dsym";
				ENABLE_NS_ASSERTIONS = NO;
				ENABLE_STRICT_OBJC_MSGSEND = YES;
				GCC_C_LANGUAGE_STANDARD = gnu11;
				GCC_NO_COMMON_BLOCKS = YES;
				GCC_WARN_64_TO_32_BIT_CONVERSION = YES;
				GCC_WARN_ABOUT_RETURN_TYPE = YES_ERROR;
				GCC_WARN_UNDECLARED_SELECTOR = YES;
				GCC_WARN_UNINITIALIZED_AUTOS = YES_AGGRESSIVE;
				GCC_WARN_UNUSED_FUNCTION = YES;
				GCC_WARN_UNUSED_VARIABLE = YES;
				IPHONEOS_DEPLOYMENT_TARGET = 16.1;
				MTL_ENABLE_DEBUG_INFO = NO;
				MTL_FAST_MATH = YES;
				SDKROOT = iphoneos;
				SWIFT_COMPILATION_MODE = wholemodule;
				SWIFT_OPTIMIZATION_LEVEL = "-O";
				VALIDATE_PRODUCT = YES;
			};
			name = Release;
		};
		195F1A1A292D099C002CF2DD /* Debug */ = {
			isa = XCBuildConfiguration;
			buildSettings = {
				ASSETCATALOG_COMPILER_APPICON_NAME = AppIcon;
				ASSETCATALOG_COMPILER_GLOBAL_ACCENT_COLOR_NAME = AccentColor;
				CODE_SIGN_STYLE = Automatic;
				CURRENT_PROJECT_VERSION = 1;
				GENERATE_INFOPLIST_FILE = YES;
				INFOPLIST_FILE = EventHub/Info.plist;
				INFOPLIST_KEY_UIApplicationSupportsIndirectInputEvents = YES;
				INFOPLIST_KEY_UILaunchStoryboardName = LaunchScreen;
				INFOPLIST_KEY_UIMainStoryboardFile = Main;
				INFOPLIST_KEY_UISupportedInterfaceOrientations_iPad = "UIInterfaceOrientationPortrait UIInterfaceOrientationPortraitUpsideDown UIInterfaceOrientationLandscapeLeft UIInterfaceOrientationLandscapeRight";
				INFOPLIST_KEY_UISupportedInterfaceOrientations_iPhone = "UIInterfaceOrientationPortrait UIInterfaceOrientationLandscapeLeft UIInterfaceOrientationLandscapeRight";
				LD_RUNPATH_SEARCH_PATHS = (
					"$(inherited)",
					"@executable_path/Frameworks",
				);
				MARKETING_VERSION = 1.0;
				PRODUCT_BUNDLE_IDENTIFIER = com.claudia.vanta.EventHub;
				PRODUCT_NAME = "$(TARGET_NAME)";
				SWIFT_EMIT_LOC_STRINGS = YES;
				SWIFT_VERSION = 5.0;
				TARGETED_DEVICE_FAMILY = "1,2";
			};
			name = Debug;
		};
		195F1A1B292D099C002CF2DD /* Release */ = {
			isa = XCBuildConfiguration;
			buildSettings = {
				ASSETCATALOG_COMPILER_APPICON_NAME = AppIcon;
				ASSETCATALOG_COMPILER_GLOBAL_ACCENT_COLOR_NAME = AccentColor;
				CODE_SIGN_STYLE = Automatic;
				CURRENT_PROJECT_VERSION = 1;
				GENERATE_INFOPLIST_FILE = YES;
				INFOPLIST_FILE = EventHub/Info.plist;
				INFOPLIST_KEY_UIApplicationSupportsIndirectInputEvents = YES;
				INFOPLIST_KEY_UILaunchStoryboardName = LaunchScreen;
				INFOPLIST_KEY_UIMainStoryboardFile = Main;
				INFOPLIST_KEY_UISupportedInterfaceOrientations_iPad = "UIInterfaceOrientationPortrait UIInterfaceOrientationPortraitUpsideDown UIInterfaceOrientationLandscapeLeft UIInterfaceOrientationLandscapeRight";
				INFOPLIST_KEY_UISupportedInterfaceOrientations_iPhone = "UIInterfaceOrientationPortrait UIInterfaceOrientationLandscapeLeft UIInterfaceOrientationLandscapeRight";
				LD_RUNPATH_SEARCH_PATHS = (
					"$(inherited)",
					"@executable_path/Frameworks",
				);
				MARKETING_VERSION = 1.0;
				PRODUCT_BUNDLE_IDENTIFIER = com.claudia.vanta.EventHub;
				PRODUCT_NAME = "$(TARGET_NAME)";
				SWIFT_EMIT_LOC_STRINGS = YES;
				SWIFT_VERSION = 5.0;
				TARGETED_DEVICE_FAMILY = "1,2";
			};
			name = Release;
		};
/* End XCBuildConfiguration section */

/* Begin XCConfigurationList section */
		195F19FD292D099B002CF2DD /* Build configuration list for PBXProject "EventHub" */ = {
			isa = XCConfigurationList;
			buildConfigurations = (
				195F1A17292D099C002CF2DD /* Debug */,
				195F1A18292D099C002CF2DD /* Release */,
			);
			defaultConfigurationIsVisible = 0;
			defaultConfigurationName = Release;
		};
		195F1A19292D099C002CF2DD /* Build configuration list for PBXNativeTarget "EventHub" */ = {
			isa = XCConfigurationList;
			buildConfigurations = (
				195F1A1A292D099C002CF2DD /* Debug */,
				195F1A1B292D099C002CF2DD /* Release */,
			);
			defaultConfigurationIsVisible = 0;
			defaultConfigurationName = Release;
		};
/* End XCConfigurationList section */

/* Begin XCRemoteSwiftPackageReference section */
		190C480F29475A6A00D78475 /* XCRemoteSwiftPackageReference "firebase-ios-sdk" */ = {
			isa = XCRemoteSwiftPackageReference;
			repositoryURL = "https://github.com/firebase/firebase-ios-sdk.git";
			requirement = {
				kind = exactVersion;
				version = 9.6.0;
			};
		};
/* End XCRemoteSwiftPackageReference section */

/* Begin XCSwiftPackageProductDependency section */
		190C481029475A6A00D78475 /* FirebaseAnalytics */ = {
			isa = XCSwiftPackageProductDependency;
			package = 190C480F29475A6A00D78475 /* XCRemoteSwiftPackageReference "firebase-ios-sdk" */;
			productName = FirebaseAnalytics;
		};
		190C481229475A6A00D78475 /* FirebaseAnalyticsOnDeviceConversion */ = {
			isa = XCSwiftPackageProductDependency;
			package = 190C480F29475A6A00D78475 /* XCRemoteSwiftPackageReference "firebase-ios-sdk" */;
			productName = FirebaseAnalyticsOnDeviceConversion;
		};
		190C481429475A6A00D78475 /* FirebaseAnalyticsSwift */ = {
			isa = XCSwiftPackageProductDependency;
			package = 190C480F29475A6A00D78475 /* XCRemoteSwiftPackageReference "firebase-ios-sdk" */;
			productName = FirebaseAnalyticsSwift;
		};
		190C481629475A6A00D78475 /* FirebaseAnalyticsWithoutAdIdSupport */ = {
			isa = XCSwiftPackageProductDependency;
			package = 190C480F29475A6A00D78475 /* XCRemoteSwiftPackageReference "firebase-ios-sdk" */;
			productName = FirebaseAnalyticsWithoutAdIdSupport;
		};
		190C481829475A6A00D78475 /* FirebaseAppCheck */ = {
			isa = XCSwiftPackageProductDependency;
			package = 190C480F29475A6A00D78475 /* XCRemoteSwiftPackageReference "firebase-ios-sdk" */;
			productName = FirebaseAppCheck;
		};
		190C481A29475A6A00D78475 /* FirebaseAppDistribution-Beta */ = {
			isa = XCSwiftPackageProductDependency;
			package = 190C480F29475A6A00D78475 /* XCRemoteSwiftPackageReference "firebase-ios-sdk" */;
			productName = "FirebaseAppDistribution-Beta";
		};
		190C481C29475A6A00D78475 /* FirebaseAuth */ = {
			isa = XCSwiftPackageProductDependency;
			package = 190C480F29475A6A00D78475 /* XCRemoteSwiftPackageReference "firebase-ios-sdk" */;
			productName = FirebaseAuth;
		};
		190C481E29475A6A00D78475 /* FirebaseAuthCombine-Community */ = {
			isa = XCSwiftPackageProductDependency;
			package = 190C480F29475A6A00D78475 /* XCRemoteSwiftPackageReference "firebase-ios-sdk" */;
			productName = "FirebaseAuthCombine-Community";
		};
		190C482029475A6A00D78475 /* FirebaseCrashlytics */ = {
			isa = XCSwiftPackageProductDependency;
			package = 190C480F29475A6A00D78475 /* XCRemoteSwiftPackageReference "firebase-ios-sdk" */;
			productName = FirebaseCrashlytics;
		};
		190C482229475A6A00D78475 /* FirebaseDatabase */ = {
			isa = XCSwiftPackageProductDependency;
			package = 190C480F29475A6A00D78475 /* XCRemoteSwiftPackageReference "firebase-ios-sdk" */;
			productName = FirebaseDatabase;
		};
		190C482429475A6A00D78475 /* FirebaseDatabaseSwift */ = {
			isa = XCSwiftPackageProductDependency;
			package = 190C480F29475A6A00D78475 /* XCRemoteSwiftPackageReference "firebase-ios-sdk" */;
			productName = FirebaseDatabaseSwift;
		};
		190C482629475A6A00D78475 /* FirebaseDynamicLinks */ = {
			isa = XCSwiftPackageProductDependency;
			package = 190C480F29475A6A00D78475 /* XCRemoteSwiftPackageReference "firebase-ios-sdk" */;
			productName = FirebaseDynamicLinks;
		};
		190C482829475A6A00D78475 /* FirebaseFirestore */ = {
			isa = XCSwiftPackageProductDependency;
			package = 190C480F29475A6A00D78475 /* XCRemoteSwiftPackageReference "firebase-ios-sdk" */;
			productName = FirebaseFirestore;
		};
		190C482A29475A6A00D78475 /* FirebaseFirestoreCombine-Community */ = {
			isa = XCSwiftPackageProductDependency;
			package = 190C480F29475A6A00D78475 /* XCRemoteSwiftPackageReference "firebase-ios-sdk" */;
			productName = "FirebaseFirestoreCombine-Community";
		};
		190C482C29475A6A00D78475 /* FirebaseFirestoreSwift */ = {
			isa = XCSwiftPackageProductDependency;
			package = 190C480F29475A6A00D78475 /* XCRemoteSwiftPackageReference "firebase-ios-sdk" */;
			productName = FirebaseFirestoreSwift;
		};
		190C482E29475A6A00D78475 /* FirebaseFunctions */ = {
			isa = XCSwiftPackageProductDependency;
			package = 190C480F29475A6A00D78475 /* XCRemoteSwiftPackageReference "firebase-ios-sdk" */;
			productName = FirebaseFunctions;
		};
		190C483029475A6A00D78475 /* FirebaseFunctionsCombine-Community */ = {
			isa = XCSwiftPackageProductDependency;
			package = 190C480F29475A6A00D78475 /* XCRemoteSwiftPackageReference "firebase-ios-sdk" */;
			productName = "FirebaseFunctionsCombine-Community";
		};
		190C483229475A6A00D78475 /* FirebaseInAppMessaging-Beta */ = {
			isa = XCSwiftPackageProductDependency;
			package = 190C480F29475A6A00D78475 /* XCRemoteSwiftPackageReference "firebase-ios-sdk" */;
			productName = "FirebaseInAppMessaging-Beta";
		};
		190C483429475A6A00D78475 /* FirebaseInAppMessagingSwift-Beta */ = {
			isa = XCSwiftPackageProductDependency;
			package = 190C480F29475A6A00D78475 /* XCRemoteSwiftPackageReference "firebase-ios-sdk" */;
			productName = "FirebaseInAppMessagingSwift-Beta";
		};
		190C483629475A6A00D78475 /* FirebaseInstallations */ = {
			isa = XCSwiftPackageProductDependency;
			package = 190C480F29475A6A00D78475 /* XCRemoteSwiftPackageReference "firebase-ios-sdk" */;
			productName = FirebaseInstallations;
		};
		190C483829475A6A00D78475 /* FirebaseMLModelDownloader */ = {
			isa = XCSwiftPackageProductDependency;
			package = 190C480F29475A6A00D78475 /* XCRemoteSwiftPackageReference "firebase-ios-sdk" */;
			productName = FirebaseMLModelDownloader;
		};
		190C483A29475A6A00D78475 /* FirebaseMessaging */ = {
			isa = XCSwiftPackageProductDependency;
			package = 190C480F29475A6A00D78475 /* XCRemoteSwiftPackageReference "firebase-ios-sdk" */;
			productName = FirebaseMessaging;
		};
		190C483C29475A6A00D78475 /* FirebasePerformance */ = {
			isa = XCSwiftPackageProductDependency;
			package = 190C480F29475A6A00D78475 /* XCRemoteSwiftPackageReference "firebase-ios-sdk" */;
			productName = FirebasePerformance;
		};
		190C483E29475A6A00D78475 /* FirebaseRemoteConfig */ = {
			isa = XCSwiftPackageProductDependency;
			package = 190C480F29475A6A00D78475 /* XCRemoteSwiftPackageReference "firebase-ios-sdk" */;
			productName = FirebaseRemoteConfig;
		};
		190C484029475A6A00D78475 /* FirebaseRemoteConfigSwift */ = {
			isa = XCSwiftPackageProductDependency;
			package = 190C480F29475A6A00D78475 /* XCRemoteSwiftPackageReference "firebase-ios-sdk" */;
			productName = FirebaseRemoteConfigSwift;
		};
		190C484229475A6A00D78475 /* FirebaseStorage */ = {
			isa = XCSwiftPackageProductDependency;
			package = 190C480F29475A6A00D78475 /* XCRemoteSwiftPackageReference "firebase-ios-sdk" */;
			productName = FirebaseStorage;
		};
		190C484429475A6A00D78475 /* FirebaseStorageCombine-Community */ = {
			isa = XCSwiftPackageProductDependency;
			package = 190C480F29475A6A00D78475 /* XCRemoteSwiftPackageReference "firebase-ios-sdk" */;
			productName = "FirebaseStorageCombine-Community";
		};
/* End XCSwiftPackageProductDependency section */

/* Begin XCVersionGroup section */
		195F1A0E292D099B002CF2DD /* EventHub.xcdatamodeld */ = {
			isa = XCVersionGroup;
			children = (
				195F1A0F292D099B002CF2DD /* EventHub.xcdatamodel */,
			);
			currentVersion = 195F1A0F292D099B002CF2DD /* EventHub.xcdatamodel */;
			path = EventHub.xcdatamodeld;
			sourceTree = "<group>";
			versionGroupType = wrapper.xcdatamodel;
		};
/* End XCVersionGroup section */
	};
	rootObject = 195F19FA292D099B002CF2DD /* Project object */;
}
